{
  "object": {
    "pins": [
      {
        "package": "Tron",
        "repositoryURL": "https://github.com/tingocin/Tron.git",
        "state": {
          "branch": "main",
          "revision": "7b555d4ab4c626d32153f61e8c751bb4ad12b1b5",
          "version": null
        }
      }
    ]
  },
  "version": 1
}
