{
  "object": {
    "pins": [
      {
        "package": "Tron",
        "repositoryURL": "https://github.com/tingocin/Tron.git",
        "state": {
          "branch": "main",
          "revision": "542bdd8a8174c204d93908917e87e8ea09d24860",
          "version": null
        }
      }
    ]
  },
  "version": 1
}
