// !$*UTF8*$!
{
	archiveVersion = 1;
	classes = {
	};
	objectVersion = 52;
	objects = {

/* Begin PBXBuildFile section */
		CE02488B25273014005DBB9C /* Control.State.swift in Sources */ = {isa = PBXBuildFile; fileRef = CE02488A25273014005DBB9C /* Control.State.swift */; };
		CE0A1F032524979E00983D41 /* Media.xcassets in Resources */ = {isa = PBXBuildFile; fileRef = CE0A1F022524979E00983D41 /* Media.xcassets */; };
		CE0A1F0E252499F400983D41 /* Shared.swift in Sources */ = {isa = PBXBuildFile; fileRef = CE0A1F0C252499F400983D41 /* Shared.swift */; };
		CE0A1F1525249A6300983D41 /* Shared.Item.swift in Sources */ = {isa = PBXBuildFile; fileRef = CE0A1F1325249A6300983D41 /* Shared.Item.swift */; };
		CE0A1F1825249AD300983D41 /* Shared.swift in Sources */ = {isa = PBXBuildFile; fileRef = CE0A1F0C252499F400983D41 /* Shared.swift */; };
		CE17208B25370738003D5B30 /* Shared.Timeline.swift in Sources */ = {isa = PBXBuildFile; fileRef = CE17208A25370738003D5B30 /* Shared.Timeline.swift */; };
		CE17209C25370806003D5B30 /* Shared.Key.swift in Sources */ = {isa = PBXBuildFile; fileRef = CEEC19D22535F1F400B03A02 /* Shared.Key.swift */; };
		CE1720A12537080A003D5B30 /* Shared.swift in Sources */ = {isa = PBXBuildFile; fileRef = CE0A1F0C252499F400983D41 /* Shared.swift */; };
		CE1720A62537091E003D5B30 /* Shared.Item.swift in Sources */ = {isa = PBXBuildFile; fileRef = CE0A1F1325249A6300983D41 /* Shared.Item.swift */; };
		CE1720B5253709DD003D5B30 /* Shared.Browse.swift in Sources */ = {isa = PBXBuildFile; fileRef = CE1720AB253709C7003D5B30 /* Shared.Browse.swift */; };
		CE1720DD25370D3A003D5B30 /* Shared.Chart.swift in Sources */ = {isa = PBXBuildFile; fileRef = CE1720CB25370BE2003D5B30 /* Shared.Chart.swift */; };
		CE2194792526236B00CED077 /* Field.swift in Sources */ = {isa = PBXBuildFile; fileRef = CE2194782526236B00CED077 /* Field.swift */; };
		CE21947D252624F600CED077 /* Field.Coordinator.swift in Sources */ = {isa = PBXBuildFile; fileRef = CE21947C252624F600CED077 /* Field.Coordinator.swift */; };
		CE2F01C6252C71DB00C14302 /* Settings.bundle in Resources */ = {isa = PBXBuildFile; fileRef = CE2F01C5252C71DB00C14302 /* Settings.bundle */; };
		CE400164254848C000C7C904 /* AppDelegate.swift in Sources */ = {isa = PBXBuildFile; fileRef = CE400163254848C000C7C904 /* AppDelegate.swift */; };
		CE467C2E253B08B100134EA7 /* Detail.Title.swift in Sources */ = {isa = PBXBuildFile; fileRef = CE467C2D253B08B100134EA7 /* Detail.Title.swift */; };
		CE467C34253B08ED00134EA7 /* Detail.Find.swift in Sources */ = {isa = PBXBuildFile; fileRef = CE467C33253B08ED00134EA7 /* Detail.Find.swift */; };
		CE467C44253B0B5000134EA7 /* Detail.Options.swift in Sources */ = {isa = PBXBuildFile; fileRef = CE467C43253B0B5000134EA7 /* Detail.Options.swift */; };
		CE467C52253B1B8B00134EA7 /* Data.swift in Sources */ = {isa = PBXBuildFile; fileRef = CE467C51253B1B8B00134EA7 /* Data.swift */; };
		CE6B778F25289EB700B25A50 /* Provider.swift in Sources */ = {isa = PBXBuildFile; fileRef = CE6B778B25289EA700B25A50 /* Provider.swift */; };
		CE6B779825289F2E00B25A50 /* Log.swift in Sources */ = {isa = PBXBuildFile; fileRef = CE6B779425289EEC00B25A50 /* Log.swift */; };
		CE8E7F9625388B0E00C8E4B2 /* Session.State.swift in Sources */ = {isa = PBXBuildFile; fileRef = CE8E7F9525388B0E00C8E4B2 /* Session.State.swift */; };
		CE8E7FA02538930700C8E4B2 /* Trackers.swift in Sources */ = {isa = PBXBuildFile; fileRef = CE8E7F9F2538930700C8E4B2 /* Trackers.swift */; };
		CEA2F68A252344DE00DDE7B4 /* Session.swift in Sources */ = {isa = PBXBuildFile; fileRef = CEA2F670252344DE00DDE7B4 /* Session.swift */; };
		CEA2F68B252344DE00DDE7B4 /* Control.swift in Sources */ = {isa = PBXBuildFile; fileRef = CEA2F671252344DE00DDE7B4 /* Control.swift */; };
		CEA2F68C252344DE00DDE7B4 /* Assets.xcassets in Resources */ = {isa = PBXBuildFile; fileRef = CEA2F672252344DE00DDE7B4 /* Assets.xcassets */; };
		CEA2F68D252344DE00DDE7B4 /* Web.Coordinator.swift in Sources */ = {isa = PBXBuildFile; fileRef = CEA2F673252344DE00DDE7B4 /* Web.Coordinator.swift */; };
		CEA2F68E252344DE00DDE7B4 /* FileManager.swift in Sources */ = {isa = PBXBuildFile; fileRef = CEA2F674252344DE00DDE7B4 /* FileManager.swift */; };
		CEA2F68F252344DE00DDE7B4 /* Usage.swift in Sources */ = {isa = PBXBuildFile; fileRef = CEA2F675252344DE00DDE7B4 /* Usage.swift */; };
		CEA2F690252344DE00DDE7B4 /* User.swift in Sources */ = {isa = PBXBuildFile; fileRef = CEA2F676252344DE00DDE7B4 /* User.swift */; };
		CEA2F691252344DE00DDE7B4 /* Engine.swift in Sources */ = {isa = PBXBuildFile; fileRef = CEA2F677252344DE00DDE7B4 /* Engine.swift */; };
		CEA2F692252344DE00DDE7B4 /* Web.swift in Sources */ = {isa = PBXBuildFile; fileRef = CEA2F678252344DE00DDE7B4 /* Web.swift */; };
		CEA2F693252344DE00DDE7B4 /* Page.swift in Sources */ = {isa = PBXBuildFile; fileRef = CEA2F679252344DE00DDE7B4 /* Page.swift */; };
		CEA2F694252344DE00DDE7B4 /* App.swift in Sources */ = {isa = PBXBuildFile; fileRef = CEA2F67A252344DE00DDE7B4 /* App.swift */; };
		CEA2F695252344DE00DDE7B4 /* Tools.swift in Sources */ = {isa = PBXBuildFile; fileRef = CEA2F67B252344DE00DDE7B4 /* Tools.swift */; };
		CEA2F696252344DE00DDE7B4 /* UIApplication.swift in Sources */ = {isa = PBXBuildFile; fileRef = CEA2F67C252344DE00DDE7B4 /* UIApplication.swift */; };
		CEA2F697252344DE00DDE7B4 /* Book.Item.swift in Sources */ = {isa = PBXBuildFile; fileRef = CEA2F67D252344DE00DDE7B4 /* Book.Item.swift */; };
		CEA2F698252344DE00DDE7B4 /* Detail.swift in Sources */ = {isa = PBXBuildFile; fileRef = CEA2F67E252344DE00DDE7B4 /* Detail.swift */; };
		CEA2F69A252344DE00DDE7B4 /* Tab.swift in Sources */ = {isa = PBXBuildFile; fileRef = CEA2F682252344DE00DDE7B4 /* Tab.swift */; };
		CEA2F69C252344DE00DDE7B4 /* Book.swift in Sources */ = {isa = PBXBuildFile; fileRef = CEA2F684252344DE00DDE7B4 /* Book.swift */; };
		CEA2F69D252344DE00DDE7B4 /* Settings.swift in Sources */ = {isa = PBXBuildFile; fileRef = CEA2F685252344DE00DDE7B4 /* Settings.swift */; };
		CEA2F69E252344DE00DDE7B4 /* Progress.swift in Sources */ = {isa = PBXBuildFile; fileRef = CEA2F686252344DE00DDE7B4 /* Progress.swift */; };
		CEA2F69F252344DE00DDE7B4 /* Control.Circle.swift in Sources */ = {isa = PBXBuildFile; fileRef = CEA2F687252344DE00DDE7B4 /* Control.Circle.swift */; };
		CEA2F6A0252344DE00DDE7B4 /* Control.Icon.swift in Sources */ = {isa = PBXBuildFile; fileRef = CEA2F688252344DE00DDE7B4 /* Control.Icon.swift */; };
		CEA2F6A1252344DE00DDE7B4 /* Bar.swift in Sources */ = {isa = PBXBuildFile; fileRef = CEA2F689252344DE00DDE7B4 /* Bar.swift */; };
		CEA2F6A7252344F100DDE7B4 /* Localizable.strings in Resources */ = {isa = PBXBuildFile; fileRef = CEA2F6A5252344F100DDE7B4 /* Localizable.strings */; };
		CEA63E862535E5EB00CFCECF /* Chart.swift in Sources */ = {isa = PBXBuildFile; fileRef = CEF9AD052529E3A6005305EB /* Chart.swift */; };
		CEA63E8B2535E84D00CFCECF /* Localizable.strings in Resources */ = {isa = PBXBuildFile; fileRef = CEA2F6A5252344F100DDE7B4 /* Localizable.strings */; };
		CEA63E912535EB7400CFCECF /* SessionDelegate.swift in Sources */ = {isa = PBXBuildFile; fileRef = CEA63E902535EB7400CFCECF /* SessionDelegate.swift */; };
		CEBC47682527502800ED45FF /* Detail.Item.swift in Sources */ = {isa = PBXBuildFile; fileRef = CEBC47672527502800ED45FF /* Detail.Item.swift */; };
		CED485DB2535DBE400CDDA68 /* Assets.xcassets in Resources */ = {isa = PBXBuildFile; fileRef = CED485DA2535DBE400CDDA68 /* Assets.xcassets */; };
		CED485E22535DBE400CDDA68 /* watch Extension.appex in Embed App Extensions */ = {isa = PBXBuildFile; fileRef = CED485E12535DBE400CDDA68 /* watch Extension.appex */; settings = {ATTRIBUTES = (RemoveHeadersOnCopy, ); }; };
		CED485F42535DBE500CDDA68 /* watch.app in Embed Watch Content */ = {isa = PBXBuildFile; fileRef = CED485D82535DBE400CDDA68 /* watch.app */; settings = {ATTRIBUTES = (RemoveHeadersOnCopy, ); }; };
		CED4861F2535E50900CDDA68 /* Incognit.swift in Sources */ = {isa = PBXBuildFile; fileRef = CED485E82535DBE400CDDA68 /* Incognit.swift */; };
		CED486242535E50D00CDDA68 /* Usage.swift in Sources */ = {isa = PBXBuildFile; fileRef = CED485E62535DBE400CDDA68 /* Usage.swift */; };
		CEDC32352523870A003DF67A /* WidgetKit.framework in Frameworks */ = {isa = PBXBuildFile; fileRef = CEDC32342523870A003DF67A /* WidgetKit.framework */; };
		CEDC32372523870A003DF67A /* SwiftUI.framework in Frameworks */ = {isa = PBXBuildFile; fileRef = CEDC32362523870A003DF67A /* SwiftUI.framework */; };
		CEDC323A2523870A003DF67A /* Browse.swift in Sources */ = {isa = PBXBuildFile; fileRef = CEDC32392523870A003DF67A /* Browse.swift */; };
		CEDC32402523870A003DF67A /* browse.appex in Embed App Extensions */ = {isa = PBXBuildFile; fileRef = CEDC32322523870A003DF67A /* browse.appex */; settings = {ATTRIBUTES = (RemoveHeadersOnCopy, ); }; };
		CEEA4FE92533539B00ABA2CB /* Tron in Frameworks */ = {isa = PBXBuildFile; productRef = CEEA4FE82533539B00ABA2CB /* Tron */; };
		CEEC19D32535F1F400B03A02 /* Shared.Key.swift in Sources */ = {isa = PBXBuildFile; fileRef = CEEC19D22535F1F400B03A02 /* Shared.Key.swift */; };
		CEEC19DD2535F20A00B03A02 /* Shared.Key.swift in Sources */ = {isa = PBXBuildFile; fileRef = CEEC19D22535F1F400B03A02 /* Shared.Key.swift */; };
		CEEC19F12535F5D300B03A02 /* Delegate.swift in Sources */ = {isa = PBXBuildFile; fileRef = CEEC19EB2535F5CD00B03A02 /* Delegate.swift */; };
		CEF283672531C97C008D2594 /* WKUserContentController.swift in Sources */ = {isa = PBXBuildFile; fileRef = CEF283662531C97C008D2594 /* WKUserContentController.swift */; };
		CEF9AD062529E3A6005305EB /* Chart.swift in Sources */ = {isa = PBXBuildFile; fileRef = CEF9AD052529E3A6005305EB /* Chart.swift */; };
/* End PBXBuildFile section */

/* Begin PBXContainerItemProxy section */
		CED485E32535DBE400CDDA68 /* PBXContainerItemProxy */ = {
			isa = PBXContainerItemProxy;
			containerPortal = CEF33CF7251CB35F006065E5 /* Project object */;
			proxyType = 1;
			remoteGlobalIDString = CED485E02535DBE400CDDA68;
			remoteInfo = "watch Extension";
		};
		CED485F22535DBE500CDDA68 /* PBXContainerItemProxy */ = {
			isa = PBXContainerItemProxy;
			containerPortal = CEF33CF7251CB35F006065E5 /* Project object */;
			proxyType = 1;
			remoteGlobalIDString = CED485D72535DBE400CDDA68;
			remoteInfo = watch;
		};
		CEDC323E2523870A003DF67A /* PBXContainerItemProxy */ = {
			isa = PBXContainerItemProxy;
			containerPortal = CEF33CF7251CB35F006065E5 /* Project object */;
			proxyType = 1;
			remoteGlobalIDString = CEDC32312523870A003DF67A;
			remoteInfo = BrowseExtension;
		};
/* End PBXContainerItemProxy section */

/* Begin PBXCopyFilesBuildPhase section */
		CED485F52535DBE500CDDA68 /* Embed Watch Content */ = {
			isa = PBXCopyFilesBuildPhase;
			buildActionMask = 2147483647;
			dstPath = "$(CONTENTS_FOLDER_PATH)/Watch";
			dstSubfolderSpec = 16;
			files = (
				CED485F42535DBE500CDDA68 /* watch.app in Embed Watch Content */,
			);
			name = "Embed Watch Content";
			runOnlyForDeploymentPostprocessing = 0;
		};
		CED485F82535DBE500CDDA68 /* Embed App Extensions */ = {
			isa = PBXCopyFilesBuildPhase;
			buildActionMask = 2147483647;
			dstPath = "";
			dstSubfolderSpec = 13;
			files = (
				CED485E22535DBE400CDDA68 /* watch Extension.appex in Embed App Extensions */,
			);
			name = "Embed App Extensions";
			runOnlyForDeploymentPostprocessing = 0;
		};
		CEDC32412523870A003DF67A /* Embed App Extensions */ = {
			isa = PBXCopyFilesBuildPhase;
			buildActionMask = 2147483647;
			dstPath = "";
			dstSubfolderSpec = 13;
			files = (
				CEDC32402523870A003DF67A /* browse.appex in Embed App Extensions */,
			);
			name = "Embed App Extensions";
			runOnlyForDeploymentPostprocessing = 0;
		};
/* End PBXCopyFilesBuildPhase section */

/* Begin PBXFileReference section */
		CE02488A25273014005DBB9C /* Control.State.swift */ = {isa = PBXFileReference; lastKnownFileType = sourcecode.swift; path = Control.State.swift; sourceTree = "<group>"; };
		CE0A1F022524979E00983D41 /* Media.xcassets */ = {isa = PBXFileReference; lastKnownFileType = folder.assetcatalog; path = Media.xcassets; sourceTree = "<group>"; };
		CE0A1F062524996600983D41 /* incognit.entitlements */ = {isa = PBXFileReference; lastKnownFileType = text.plist.entitlements; path = incognit.entitlements; sourceTree = "<group>"; };
		CE0A1F092524999100983D41 /* browse.entitlements */ = {isa = PBXFileReference; lastKnownFileType = text.plist.entitlements; path = browse.entitlements; sourceTree = "<group>"; };
		CE0A1F0C252499F400983D41 /* Shared.swift */ = {isa = PBXFileReference; lastKnownFileType = sourcecode.swift; path = Shared.swift; sourceTree = "<group>"; };
		CE0A1F1325249A6300983D41 /* Shared.Item.swift */ = {isa = PBXFileReference; lastKnownFileType = sourcecode.swift; path = Shared.Item.swift; sourceTree = "<group>"; };
		CE17208A25370738003D5B30 /* Shared.Timeline.swift */ = {isa = PBXFileReference; lastKnownFileType = sourcecode.swift; path = Shared.Timeline.swift; sourceTree = "<group>"; };
		CE1720AB253709C7003D5B30 /* Shared.Browse.swift */ = {isa = PBXFileReference; lastKnownFileType = sourcecode.swift; path = Shared.Browse.swift; sourceTree = "<group>"; };
		CE1720BE25370AD6003D5B30 /* watch.entitlements */ = {isa = PBXFileReference; lastKnownFileType = text.plist.entitlements; path = watch.entitlements; sourceTree = "<group>"; };
		CE1720CB25370BE2003D5B30 /* Shared.Chart.swift */ = {isa = PBXFileReference; lastKnownFileType = sourcecode.swift; path = Shared.Chart.swift; sourceTree = "<group>"; };
		CE2194782526236B00CED077 /* Field.swift */ = {isa = PBXFileReference; lastKnownFileType = sourcecode.swift; path = Field.swift; sourceTree = "<group>"; };
		CE21947C252624F600CED077 /* Field.Coordinator.swift */ = {isa = PBXFileReference; lastKnownFileType = sourcecode.swift; path = Field.Coordinator.swift; sourceTree = "<group>"; };
		CE25B42825277BC80021900A /* README.md */ = {isa = PBXFileReference; lastKnownFileType = net.daringfireball.markdown; path = README.md; sourceTree = "<group>"; };
		CE2F01C5252C71DB00C14302 /* Settings.bundle */ = {isa = PBXFileReference; lastKnownFileType = "wrapper.plug-in"; path = Settings.bundle; sourceTree = "<group>"; };
		CE400163254848C000C7C904 /* AppDelegate.swift */ = {isa = PBXFileReference; lastKnownFileType = sourcecode.swift; path = AppDelegate.swift; sourceTree = "<group>"; };
		CE467C2D253B08B100134EA7 /* Detail.Title.swift */ = {isa = PBXFileReference; lastKnownFileType = sourcecode.swift; path = Detail.Title.swift; sourceTree = "<group>"; };
		CE467C33253B08ED00134EA7 /* Detail.Find.swift */ = {isa = PBXFileReference; lastKnownFileType = sourcecode.swift; path = Detail.Find.swift; sourceTree = "<group>"; };
		CE467C43253B0B5000134EA7 /* Detail.Options.swift */ = {isa = PBXFileReference; lastKnownFileType = sourcecode.swift; path = Detail.Options.swift; sourceTree = "<group>"; };
		CE467C51253B1B8B00134EA7 /* Data.swift */ = {isa = PBXFileReference; lastKnownFileType = sourcecode.swift; path = Data.swift; sourceTree = "<group>"; };
		CE6B778B25289EA700B25A50 /* Provider.swift */ = {isa = PBXFileReference; lastKnownFileType = sourcecode.swift; path = Provider.swift; sourceTree = "<group>"; };
		CE6B779425289EEC00B25A50 /* Log.swift */ = {isa = PBXFileReference; lastKnownFileType = sourcecode.swift; path = Log.swift; sourceTree = "<group>"; };
		CE8E7F9525388B0E00C8E4B2 /* Session.State.swift */ = {isa = PBXFileReference; lastKnownFileType = sourcecode.swift; path = Session.State.swift; sourceTree = "<group>"; };
		CE8E7F9F2538930700C8E4B2 /* Trackers.swift */ = {isa = PBXFileReference; lastKnownFileType = sourcecode.swift; path = Trackers.swift; sourceTree = "<group>"; };
		CEA2F670252344DE00DDE7B4 /* Session.swift */ = {isa = PBXFileReference; fileEncoding = 4; lastKnownFileType = sourcecode.swift; path = Session.swift; sourceTree = "<group>"; };
		CEA2F671252344DE00DDE7B4 /* Control.swift */ = {isa = PBXFileReference; fileEncoding = 4; lastKnownFileType = sourcecode.swift; path = Control.swift; sourceTree = "<group>"; };
		CEA2F672252344DE00DDE7B4 /* Assets.xcassets */ = {isa = PBXFileReference; lastKnownFileType = folder.assetcatalog; path = Assets.xcassets; sourceTree = "<group>"; };
		CEA2F673252344DE00DDE7B4 /* Web.Coordinator.swift */ = {isa = PBXFileReference; fileEncoding = 4; lastKnownFileType = sourcecode.swift; path = Web.Coordinator.swift; sourceTree = "<group>"; };
		CEA2F674252344DE00DDE7B4 /* FileManager.swift */ = {isa = PBXFileReference; fileEncoding = 4; lastKnownFileType = sourcecode.swift; path = FileManager.swift; sourceTree = "<group>"; };
		CEA2F675252344DE00DDE7B4 /* Usage.swift */ = {isa = PBXFileReference; fileEncoding = 4; lastKnownFileType = sourcecode.swift; path = Usage.swift; sourceTree = "<group>"; };
		CEA2F676252344DE00DDE7B4 /* User.swift */ = {isa = PBXFileReference; fileEncoding = 4; lastKnownFileType = sourcecode.swift; path = User.swift; sourceTree = "<group>"; };
		CEA2F677252344DE00DDE7B4 /* Engine.swift */ = {isa = PBXFileReference; fileEncoding = 4; lastKnownFileType = sourcecode.swift; path = Engine.swift; sourceTree = "<group>"; };
		CEA2F678252344DE00DDE7B4 /* Web.swift */ = {isa = PBXFileReference; fileEncoding = 4; lastKnownFileType = sourcecode.swift; path = Web.swift; sourceTree = "<group>"; };
		CEA2F679252344DE00DDE7B4 /* Page.swift */ = {isa = PBXFileReference; fileEncoding = 4; lastKnownFileType = sourcecode.swift; path = Page.swift; sourceTree = "<group>"; };
		CEA2F67A252344DE00DDE7B4 /* App.swift */ = {isa = PBXFileReference; fileEncoding = 4; lastKnownFileType = sourcecode.swift; path = App.swift; sourceTree = "<group>"; };
		CEA2F67B252344DE00DDE7B4 /* Tools.swift */ = {isa = PBXFileReference; fileEncoding = 4; lastKnownFileType = sourcecode.swift; path = Tools.swift; sourceTree = "<group>"; };
		CEA2F67C252344DE00DDE7B4 /* UIApplication.swift */ = {isa = PBXFileReference; fileEncoding = 4; lastKnownFileType = sourcecode.swift; path = UIApplication.swift; sourceTree = "<group>"; };
		CEA2F67D252344DE00DDE7B4 /* Book.Item.swift */ = {isa = PBXFileReference; fileEncoding = 4; lastKnownFileType = sourcecode.swift; path = Book.Item.swift; sourceTree = "<group>"; };
		CEA2F67E252344DE00DDE7B4 /* Detail.swift */ = {isa = PBXFileReference; fileEncoding = 4; lastKnownFileType = sourcecode.swift; path = Detail.swift; sourceTree = "<group>"; };
		CEA2F682252344DE00DDE7B4 /* Tab.swift */ = {isa = PBXFileReference; fileEncoding = 4; lastKnownFileType = sourcecode.swift; path = Tab.swift; sourceTree = "<group>"; };
		CEA2F683252344DE00DDE7B4 /* Info.plist */ = {isa = PBXFileReference; fileEncoding = 4; lastKnownFileType = text.plist.xml; path = Info.plist; sourceTree = "<group>"; };
		CEA2F684252344DE00DDE7B4 /* Book.swift */ = {isa = PBXFileReference; fileEncoding = 4; lastKnownFileType = sourcecode.swift; path = Book.swift; sourceTree = "<group>"; };
		CEA2F685252344DE00DDE7B4 /* Settings.swift */ = {isa = PBXFileReference; fileEncoding = 4; lastKnownFileType = sourcecode.swift; path = Settings.swift; sourceTree = "<group>"; };
		CEA2F686252344DE00DDE7B4 /* Progress.swift */ = {isa = PBXFileReference; fileEncoding = 4; lastKnownFileType = sourcecode.swift; path = Progress.swift; sourceTree = "<group>"; };
		CEA2F687252344DE00DDE7B4 /* Control.Circle.swift */ = {isa = PBXFileReference; fileEncoding = 4; lastKnownFileType = sourcecode.swift; path = Control.Circle.swift; sourceTree = "<group>"; };
		CEA2F688252344DE00DDE7B4 /* Control.Icon.swift */ = {isa = PBXFileReference; fileEncoding = 4; lastKnownFileType = sourcecode.swift; path = Control.Icon.swift; sourceTree = "<group>"; };
		CEA2F689252344DE00DDE7B4 /* Bar.swift */ = {isa = PBXFileReference; fileEncoding = 4; lastKnownFileType = sourcecode.swift; path = Bar.swift; sourceTree = "<group>"; };
		CEA2F6A6252344F100DDE7B4 /* Base */ = {isa = PBXFileReference; lastKnownFileType = text.plist.strings; name = Base; path = Base.lproj/Localizable.strings; sourceTree = "<group>"; };
		CEA63E902535EB7400CFCECF /* SessionDelegate.swift */ = {isa = PBXFileReference; lastKnownFileType = sourcecode.swift; path = SessionDelegate.swift; sourceTree = "<group>"; };
		CEBC47672527502800ED45FF /* Detail.Item.swift */ = {isa = PBXFileReference; lastKnownFileType = sourcecode.swift; path = Detail.Item.swift; sourceTree = "<group>"; };
		CED485D82535DBE400CDDA68 /* watch.app */ = {isa = PBXFileReference; explicitFileType = wrapper.application; includeInIndex = 0; path = watch.app; sourceTree = BUILT_PRODUCTS_DIR; };
		CED485DA2535DBE400CDDA68 /* Assets.xcassets */ = {isa = PBXFileReference; lastKnownFileType = folder.assetcatalog; path = Assets.xcassets; sourceTree = "<group>"; };
		CED485E12535DBE400CDDA68 /* watch Extension.appex */ = {isa = PBXFileReference; explicitFileType = "wrapper.app-extension"; includeInIndex = 0; path = "watch Extension.appex"; sourceTree = BUILT_PRODUCTS_DIR; };
		CED485E62535DBE400CDDA68 /* Usage.swift */ = {isa = PBXFileReference; lastKnownFileType = sourcecode.swift; path = Usage.swift; sourceTree = "<group>"; };
		CED485E82535DBE400CDDA68 /* Incognit.swift */ = {isa = PBXFileReference; lastKnownFileType = sourcecode.swift; path = Incognit.swift; sourceTree = "<group>"; };
		CED485F12535DBE500CDDA68 /* InfoWatchExtension.plist */ = {isa = PBXFileReference; lastKnownFileType = text.plist.xml; path = InfoWatchExtension.plist; sourceTree = "<group>"; };
		CED486152535E35B00CDDA68 /* InfoWatch.plist */ = {isa = PBXFileReference; lastKnownFileType = text.plist.xml; path = InfoWatch.plist; sourceTree = "<group>"; };
		CEDC32322523870A003DF67A /* browse.appex */ = {isa = PBXFileReference; explicitFileType = "wrapper.app-extension"; includeInIndex = 0; path = browse.appex; sourceTree = BUILT_PRODUCTS_DIR; };
		CEDC32342523870A003DF67A /* WidgetKit.framework */ = {isa = PBXFileReference; lastKnownFileType = wrapper.framework; name = WidgetKit.framework; path = System/Library/Frameworks/WidgetKit.framework; sourceTree = SDKROOT; };
		CEDC32362523870A003DF67A /* SwiftUI.framework */ = {isa = PBXFileReference; lastKnownFileType = wrapper.framework; name = SwiftUI.framework; path = System/Library/Frameworks/SwiftUI.framework; sourceTree = SDKROOT; };
		CEDC32392523870A003DF67A /* Browse.swift */ = {isa = PBXFileReference; lastKnownFileType = sourcecode.swift; path = Browse.swift; sourceTree = "<group>"; };
		CEDC323D2523870A003DF67A /* Info.plist */ = {isa = PBXFileReference; lastKnownFileType = text.plist.xml; path = Info.plist; sourceTree = "<group>"; };
		CEEC19D22535F1F400B03A02 /* Shared.Key.swift */ = {isa = PBXFileReference; lastKnownFileType = sourcecode.swift; path = Shared.Key.swift; sourceTree = "<group>"; };
		CEEC19EB2535F5CD00B03A02 /* Delegate.swift */ = {isa = PBXFileReference; lastKnownFileType = sourcecode.swift; path = Delegate.swift; sourceTree = "<group>"; };
		CEF283662531C97C008D2594 /* WKUserContentController.swift */ = {isa = PBXFileReference; lastKnownFileType = sourcecode.swift; path = WKUserContentController.swift; sourceTree = "<group>"; };
		CEF33CFF251CB35F006065E5 /* incognit.app */ = {isa = PBXFileReference; explicitFileType = wrapper.application; includeInIndex = 0; path = incognit.app; sourceTree = BUILT_PRODUCTS_DIR; };
		CEF9AD052529E3A6005305EB /* Chart.swift */ = {isa = PBXFileReference; lastKnownFileType = sourcecode.swift; path = Chart.swift; sourceTree = "<group>"; };
/* End PBXFileReference section */

/* Begin PBXFrameworksBuildPhase section */
		CED485DE2535DBE400CDDA68 /* Frameworks */ = {
			isa = PBXFrameworksBuildPhase;
			buildActionMask = 2147483647;
			files = (
			);
			runOnlyForDeploymentPostprocessing = 0;
		};
		CEDC322F2523870A003DF67A /* Frameworks */ = {
			isa = PBXFrameworksBuildPhase;
			buildActionMask = 2147483647;
			files = (
				CEDC32372523870A003DF67A /* SwiftUI.framework in Frameworks */,
				CEDC32352523870A003DF67A /* WidgetKit.framework in Frameworks */,
			);
			runOnlyForDeploymentPostprocessing = 0;
		};
		CEF33CFC251CB35F006065E5 /* Frameworks */ = {
			isa = PBXFrameworksBuildPhase;
			buildActionMask = 2147483647;
			files = (
				CEEA4FE92533539B00ABA2CB /* Tron in Frameworks */,
			);
			runOnlyForDeploymentPostprocessing = 0;
		};
/* End PBXFrameworksBuildPhase section */

/* Begin PBXGroup section */
		CED485D92535DBE400CDDA68 /* Watch */ = {
			isa = PBXGroup;
			children = (
				CED486152535E35B00CDDA68 /* InfoWatch.plist */,
				CED485F12535DBE500CDDA68 /* InfoWatchExtension.plist */,
				CEEC19EB2535F5CD00B03A02 /* Delegate.swift */,
				CED485E82535DBE400CDDA68 /* Incognit.swift */,
				CED485E62535DBE400CDDA68 /* Usage.swift */,
				CED485DA2535DBE400CDDA68 /* Assets.xcassets */,
			);
			path = Watch;
			sourceTree = "<group>";
		};
		CEDC32332523870A003DF67A /* Frameworks */ = {
			isa = PBXGroup;
			children = (
				CEDC32342523870A003DF67A /* WidgetKit.framework */,
				CEDC32362523870A003DF67A /* SwiftUI.framework */,
			);
			name = Frameworks;
			sourceTree = "<group>";
		};
		CEDC32382523870A003DF67A /* Browse */ = {
			isa = PBXGroup;
			children = (
				CEDC323D2523870A003DF67A /* Info.plist */,
				CEDC32392523870A003DF67A /* Browse.swift */,
				CE6B779425289EEC00B25A50 /* Log.swift */,
				CE6B778B25289EA700B25A50 /* Provider.swift */,
				CE0A1F022524979E00983D41 /* Media.xcassets */,
			);
			path = Browse;
			sourceTree = "<group>";
		};
		CEF33CF6251CB35F006065E5 = {
			isa = PBXGroup;
			children = (
				CE2F01C5252C71DB00C14302 /* Settings.bundle */,
				CE0A1F092524999100983D41 /* browse.entitlements */,
				CE0A1F062524996600983D41 /* incognit.entitlements */,
				CE1720BE25370AD6003D5B30 /* watch.entitlements */,
				CE25B42825277BC80021900A /* README.md */,
				CEA2F683252344DE00DDE7B4 /* Info.plist */,
				CEA2F67A252344DE00DDE7B4 /* App.swift */,
				CE400163254848C000C7C904 /* AppDelegate.swift */,
				CEA2F689252344DE00DDE7B4 /* Bar.swift */,
				CEA2F67D252344DE00DDE7B4 /* Book.Item.swift */,
				CEA2F684252344DE00DDE7B4 /* Book.swift */,
				CEF9AD052529E3A6005305EB /* Chart.swift */,
				CEA2F687252344DE00DDE7B4 /* Control.Circle.swift */,
				CEA2F688252344DE00DDE7B4 /* Control.Icon.swift */,
				CE02488A25273014005DBB9C /* Control.State.swift */,
				CEA2F671252344DE00DDE7B4 /* Control.swift */,
				CE467C51253B1B8B00134EA7 /* Data.swift */,
				CEA63E902535EB7400CFCECF /* SessionDelegate.swift */,
				CE467C33253B08ED00134EA7 /* Detail.Find.swift */,
				CEBC47672527502800ED45FF /* Detail.Item.swift */,
				CE467C43253B0B5000134EA7 /* Detail.Options.swift */,
				CEA2F67E252344DE00DDE7B4 /* Detail.swift */,
				CE467C2D253B08B100134EA7 /* Detail.Title.swift */,
				CEA2F677252344DE00DDE7B4 /* Engine.swift */,
				CE21947C252624F600CED077 /* Field.Coordinator.swift */,
				CE2194782526236B00CED077 /* Field.swift */,
				CEA2F674252344DE00DDE7B4 /* FileManager.swift */,
				CEA2F679252344DE00DDE7B4 /* Page.swift */,
				CEA2F686252344DE00DDE7B4 /* Progress.swift */,
				CE8E7F9525388B0E00C8E4B2 /* Session.State.swift */,
				CEA2F670252344DE00DDE7B4 /* Session.swift */,
				CEA2F685252344DE00DDE7B4 /* Settings.swift */,
				CE1720AB253709C7003D5B30 /* Shared.Browse.swift */,
				CE1720CB25370BE2003D5B30 /* Shared.Chart.swift */,
				CE0A1F1325249A6300983D41 /* Shared.Item.swift */,
				CEEC19D22535F1F400B03A02 /* Shared.Key.swift */,
				CE0A1F0C252499F400983D41 /* Shared.swift */,
				CE17208A25370738003D5B30 /* Shared.Timeline.swift */,
				CEA2F682252344DE00DDE7B4 /* Tab.swift */,
				CEA2F67B252344DE00DDE7B4 /* Tools.swift */,
				CE8E7F9F2538930700C8E4B2 /* Trackers.swift */,
				CEA2F67C252344DE00DDE7B4 /* UIApplication.swift */,
				CEA2F675252344DE00DDE7B4 /* Usage.swift */,
				CEA2F676252344DE00DDE7B4 /* User.swift */,
				CEA2F673252344DE00DDE7B4 /* Web.Coordinator.swift */,
				CEA2F678252344DE00DDE7B4 /* Web.swift */,
				CEF283662531C97C008D2594 /* WKUserContentController.swift */,
				CEA2F672252344DE00DDE7B4 /* Assets.xcassets */,
				CEDC32382523870A003DF67A /* Browse */,
				CEDC32332523870A003DF67A /* Frameworks */,
				CEA2F6A5252344F100DDE7B4 /* Localizable.strings */,
				CEF33D00251CB35F006065E5 /* Products */,
				CED485D92535DBE400CDDA68 /* Watch */,
			);
			sourceTree = "<group>";
		};
		CEF33D00251CB35F006065E5 /* Products */ = {
			isa = PBXGroup;
			children = (
				CEF33CFF251CB35F006065E5 /* incognit.app */,
				CEDC32322523870A003DF67A /* browse.appex */,
				CED485D82535DBE400CDDA68 /* watch.app */,
				CED485E12535DBE400CDDA68 /* watch Extension.appex */,
			);
			name = Products;
			sourceTree = "<group>";
		};
/* End PBXGroup section */

/* Begin PBXNativeTarget section */
		CED485D72535DBE400CDDA68 /* watch */ = {
			isa = PBXNativeTarget;
			buildConfigurationList = CED485FC2535DBE500CDDA68 /* Build configuration list for PBXNativeTarget "watch" */;
			buildPhases = (
				CED485D62535DBE400CDDA68 /* Resources */,
				CED485F82535DBE500CDDA68 /* Embed App Extensions */,
			);
			buildRules = (
			);
			dependencies = (
				CED485E42535DBE400CDDA68 /* PBXTargetDependency */,
			);
			name = watch;
			productName = watch;
			productReference = CED485D82535DBE400CDDA68 /* watch.app */;
			productType = "com.apple.product-type.application.watchapp2";
		};
		CED485E02535DBE400CDDA68 /* watch Extension */ = {
			isa = PBXNativeTarget;
			buildConfigurationList = CED485FB2535DBE500CDDA68 /* Build configuration list for PBXNativeTarget "watch Extension" */;
			buildPhases = (
				CED485DD2535DBE400CDDA68 /* Sources */,
				CED485DE2535DBE400CDDA68 /* Frameworks */,
				CED485DF2535DBE400CDDA68 /* Resources */,
			);
			buildRules = (
			);
			dependencies = (
			);
			name = "watch Extension";
			productName = "watch Extension";
			productReference = CED485E12535DBE400CDDA68 /* watch Extension.appex */;
			productType = "com.apple.product-type.watchkit2-extension";
		};
		CEDC32312523870A003DF67A /* browse */ = {
			isa = PBXNativeTarget;
			buildConfigurationList = CEDC32442523870A003DF67A /* Build configuration list for PBXNativeTarget "browse" */;
			buildPhases = (
				CEDC322E2523870A003DF67A /* Sources */,
				CEDC322F2523870A003DF67A /* Frameworks */,
				CEDC32302523870A003DF67A /* Resources */,
			);
			buildRules = (
			);
			dependencies = (
			);
			name = browse;
			productName = BrowseExtension;
			productReference = CEDC32322523870A003DF67A /* browse.appex */;
			productType = "com.apple.product-type.app-extension";
		};
		CEF33CFE251CB35F006065E5 /* incognit */ = {
			isa = PBXNativeTarget;
			buildConfigurationList = CEF33D0E251CB35F006065E5 /* Build configuration list for PBXNativeTarget "incognit" */;
			buildPhases = (
				CEF33CFB251CB35F006065E5 /* Sources */,
				CEF33CFC251CB35F006065E5 /* Frameworks */,
				CEF33CFD251CB35F006065E5 /* Resources */,
				CEDC32412523870A003DF67A /* Embed App Extensions */,
				CED485F52535DBE500CDDA68 /* Embed Watch Content */,
			);
			buildRules = (
			);
			dependencies = (
				CEDC323F2523870A003DF67A /* PBXTargetDependency */,
				CED485F32535DBE500CDDA68 /* PBXTargetDependency */,
			);
			name = incognit;
			packageProductDependencies = (
				CEEA4FE82533539B00ABA2CB /* Tron */,
			);
			productName = incognit;
			productReference = CEF33CFF251CB35F006065E5 /* incognit.app */;
			productType = "com.apple.product-type.application";
		};
/* End PBXNativeTarget section */

/* Begin PBXProject section */
		CEF33CF7251CB35F006065E5 /* Project object */ = {
			isa = PBXProject;
			attributes = {
				LastSwiftUpdateCheck = 1200;
				LastUpgradeCheck = 1200;
				TargetAttributes = {
					CED485D72535DBE400CDDA68 = {
						CreatedOnToolsVersion = 12.0.1;
					};
					CED485E02535DBE400CDDA68 = {
						CreatedOnToolsVersion = 12.0.1;
					};
					CEDC32312523870A003DF67A = {
						CreatedOnToolsVersion = 12.0.1;
					};
					CEF33CFE251CB35F006065E5 = {
						CreatedOnToolsVersion = 12.0;
						LastSwiftMigration = 1200;
					};
				};
			};
			buildConfigurationList = CEF33CFA251CB35F006065E5 /* Build configuration list for PBXProject "incognit" */;
			compatibilityVersion = "Xcode 9.3";
			developmentRegion = en;
			hasScannedForEncodings = 0;
			knownRegions = (
				en,
				Base,
			);
			mainGroup = CEF33CF6251CB35F006065E5;
			packageReferences = (
				CEEA4FE72533539B00ABA2CB /* XCRemoteSwiftPackageReference "Tron" */,
			);
			productRefGroup = CEF33D00251CB35F006065E5 /* Products */;
			projectDirPath = "";
			projectRoot = "";
			targets = (
				CEF33CFE251CB35F006065E5 /* incognit */,
				CEDC32312523870A003DF67A /* browse */,
				CED485D72535DBE400CDDA68 /* watch */,
				CED485E02535DBE400CDDA68 /* watch Extension */,
			);
		};
/* End PBXProject section */

/* Begin PBXResourcesBuildPhase section */
		CED485D62535DBE400CDDA68 /* Resources */ = {
			isa = PBXResourcesBuildPhase;
			buildActionMask = 2147483647;
			files = (
				CED485DB2535DBE400CDDA68 /* Assets.xcassets in Resources */,
			);
			runOnlyForDeploymentPostprocessing = 0;
		};
		CED485DF2535DBE400CDDA68 /* Resources */ = {
			isa = PBXResourcesBuildPhase;
			buildActionMask = 2147483647;
			files = (
				CEA63E8B2535E84D00CFCECF /* Localizable.strings in Resources */,
			);
			runOnlyForDeploymentPostprocessing = 0;
		};
		CEDC32302523870A003DF67A /* Resources */ = {
			isa = PBXResourcesBuildPhase;
			buildActionMask = 2147483647;
			files = (
				CE0A1F032524979E00983D41 /* Media.xcassets in Resources */,
			);
			runOnlyForDeploymentPostprocessing = 0;
		};
		CEF33CFD251CB35F006065E5 /* Resources */ = {
			isa = PBXResourcesBuildPhase;
			buildActionMask = 2147483647;
			files = (
				CEA2F68C252344DE00DDE7B4 /* Assets.xcassets in Resources */,
				CE2F01C6252C71DB00C14302 /* Settings.bundle in Resources */,
				CEA2F6A7252344F100DDE7B4 /* Localizable.strings in Resources */,
			);
			runOnlyForDeploymentPostprocessing = 0;
		};
/* End PBXResourcesBuildPhase section */

/* Begin PBXSourcesBuildPhase section */
		CED485DD2535DBE400CDDA68 /* Sources */ = {
			isa = PBXSourcesBuildPhase;
			buildActionMask = 2147483647;
			files = (
				CE1720A12537080A003D5B30 /* Shared.swift in Sources */,
				CEEC19F12535F5D300B03A02 /* Delegate.swift in Sources */,
				CE17209C25370806003D5B30 /* Shared.Key.swift in Sources */,
				CED486242535E50D00CDDA68 /* Usage.swift in Sources */,
				CED4861F2535E50900CDDA68 /* Incognit.swift in Sources */,
				CEA63E862535E5EB00CFCECF /* Chart.swift in Sources */,
			);
			runOnlyForDeploymentPostprocessing = 0;
		};
		CEDC322E2523870A003DF67A /* Sources */ = {
			isa = PBXSourcesBuildPhase;
			buildActionMask = 2147483647;
			files = (
				CE6B778F25289EB700B25A50 /* Provider.swift in Sources */,
				CEEC19DD2535F20A00B03A02 /* Shared.Key.swift in Sources */,
				CE0A1F0E252499F400983D41 /* Shared.swift in Sources */,
				CE17208B25370738003D5B30 /* Shared.Timeline.swift in Sources */,
				CE6B779825289F2E00B25A50 /* Log.swift in Sources */,
				CE0A1F1525249A6300983D41 /* Shared.Item.swift in Sources */,
				CEDC323A2523870A003DF67A /* Browse.swift in Sources */,
			);
			runOnlyForDeploymentPostprocessing = 0;
		};
		CEF33CFB251CB35F006065E5 /* Sources */ = {
			isa = PBXSourcesBuildPhase;
			buildActionMask = 2147483647;
			files = (
				CEA2F69E252344DE00DDE7B4 /* Progress.swift in Sources */,
				CEA2F6A1252344DE00DDE7B4 /* Bar.swift in Sources */,
				CE8E7FA02538930700C8E4B2 /* Trackers.swift in Sources */,
				CE2194792526236B00CED077 /* Field.swift in Sources */,
				CE02488B25273014005DBB9C /* Control.State.swift in Sources */,
				CE467C44253B0B5000134EA7 /* Detail.Options.swift in Sources */,
				CEA2F69C252344DE00DDE7B4 /* Book.swift in Sources */,
				CE1720B5253709DD003D5B30 /* Shared.Browse.swift in Sources */,
				CE400164254848C000C7C904 /* AppDelegate.swift in Sources */,
				CEA63E912535EB7400CFCECF /* SessionDelegate.swift in Sources */,
				CEA2F696252344DE00DDE7B4 /* UIApplication.swift in Sources */,
				CE1720A62537091E003D5B30 /* Shared.Item.swift in Sources */,
				CEA2F68D252344DE00DDE7B4 /* Web.Coordinator.swift in Sources */,
				CEF9AD062529E3A6005305EB /* Chart.swift in Sources */,
				CEA2F69D252344DE00DDE7B4 /* Settings.swift in Sources */,
				CE467C34253B08ED00134EA7 /* Detail.Find.swift in Sources */,
				CEA2F68A252344DE00DDE7B4 /* Session.swift in Sources */,
				CEA2F692252344DE00DDE7B4 /* Web.swift in Sources */,
				CEA2F690252344DE00DDE7B4 /* User.swift in Sources */,
				CE467C2E253B08B100134EA7 /* Detail.Title.swift in Sources */,
				CEA2F694252344DE00DDE7B4 /* App.swift in Sources */,
				CEA2F68F252344DE00DDE7B4 /* Usage.swift in Sources */,
				CEA2F693252344DE00DDE7B4 /* Page.swift in Sources */,
				CE0A1F1825249AD300983D41 /* Shared.swift in Sources */,
				CEBC47682527502800ED45FF /* Detail.Item.swift in Sources */,
				CE21947D252624F600CED077 /* Field.Coordinator.swift in Sources */,
				CE1720DD25370D3A003D5B30 /* Shared.Chart.swift in Sources */,
				CEA2F698252344DE00DDE7B4 /* Detail.swift in Sources */,
				CEA2F695252344DE00DDE7B4 /* Tools.swift in Sources */,
				CEF283672531C97C008D2594 /* WKUserContentController.swift in Sources */,
				CEA2F68B252344DE00DDE7B4 /* Control.swift in Sources */,
				CE467C52253B1B8B00134EA7 /* Data.swift in Sources */,
				CEEC19D32535F1F400B03A02 /* Shared.Key.swift in Sources */,
				CE8E7F9625388B0E00C8E4B2 /* Session.State.swift in Sources */,
				CEA2F697252344DE00DDE7B4 /* Book.Item.swift in Sources */,
				CEA2F69A252344DE00DDE7B4 /* Tab.swift in Sources */,
				CEA2F69F252344DE00DDE7B4 /* Control.Circle.swift in Sources */,
				CEA2F6A0252344DE00DDE7B4 /* Control.Icon.swift in Sources */,
				CEA2F68E252344DE00DDE7B4 /* FileManager.swift in Sources */,
				CEA2F691252344DE00DDE7B4 /* Engine.swift in Sources */,
			);
			runOnlyForDeploymentPostprocessing = 0;
		};
/* End PBXSourcesBuildPhase section */

/* Begin PBXTargetDependency section */
		CED485E42535DBE400CDDA68 /* PBXTargetDependency */ = {
			isa = PBXTargetDependency;
			target = CED485E02535DBE400CDDA68 /* watch Extension */;
			targetProxy = CED485E32535DBE400CDDA68 /* PBXContainerItemProxy */;
		};
		CED485F32535DBE500CDDA68 /* PBXTargetDependency */ = {
			isa = PBXTargetDependency;
			target = CED485D72535DBE400CDDA68 /* watch */;
			targetProxy = CED485F22535DBE500CDDA68 /* PBXContainerItemProxy */;
		};
		CEDC323F2523870A003DF67A /* PBXTargetDependency */ = {
			isa = PBXTargetDependency;
			target = CEDC32312523870A003DF67A /* browse */;
			targetProxy = CEDC323E2523870A003DF67A /* PBXContainerItemProxy */;
		};
/* End PBXTargetDependency section */

/* Begin PBXVariantGroup section */
		CEA2F6A5252344F100DDE7B4 /* Localizable.strings */ = {
			isa = PBXVariantGroup;
			children = (
				CEA2F6A6252344F100DDE7B4 /* Base */,
			);
			name = Localizable.strings;
			sourceTree = "<group>";
		};
/* End PBXVariantGroup section */

/* Begin XCBuildConfiguration section */
		CED485F62535DBE500CDDA68 /* Debug */ = {
			isa = XCBuildConfiguration;
			buildSettings = {
				ALWAYS_EMBED_SWIFT_STANDARD_LIBRARIES = YES;
				ASSETCATALOG_COMPILER_APPICON_NAME = AppIcon;
				ASSETCATALOG_COMPILER_GLOBAL_ACCENT_COLOR_NAME = AccentColor;
				CODE_SIGN_STYLE = Automatic;
				DEVELOPMENT_TEAM = 7AMWG3RLHN;
				IBSC_MODULE = watch_Extension;
				INFOPLIST_FILE = Watch/InfoWatch.plist;
				PRODUCT_BUNDLE_IDENTIFIER = incognit.watch;
				PRODUCT_NAME = "$(TARGET_NAME)";
				SDKROOT = watchos;
				SKIP_INSTALL = YES;
				TARGETED_DEVICE_FAMILY = 4;
				WATCHOS_DEPLOYMENT_TARGET = 7.0;
			};
			name = Debug;
		};
		CED485F72535DBE500CDDA68 /* Release */ = {
			isa = XCBuildConfiguration;
			buildSettings = {
				ALWAYS_EMBED_SWIFT_STANDARD_LIBRARIES = YES;
				ASSETCATALOG_COMPILER_APPICON_NAME = AppIcon;
				ASSETCATALOG_COMPILER_GLOBAL_ACCENT_COLOR_NAME = AccentColor;
				CODE_SIGN_STYLE = Automatic;
				DEVELOPMENT_TEAM = 7AMWG3RLHN;
				IBSC_MODULE = watch_Extension;
				INFOPLIST_FILE = Watch/InfoWatch.plist;
				PRODUCT_BUNDLE_IDENTIFIER = incognit.watch;
				PRODUCT_NAME = "$(TARGET_NAME)";
				SDKROOT = watchos;
				SKIP_INSTALL = YES;
				TARGETED_DEVICE_FAMILY = 4;
				WATCHOS_DEPLOYMENT_TARGET = 7.0;
			};
			name = Release;
		};
		CED485F92535DBE500CDDA68 /* Debug */ = {
			isa = XCBuildConfiguration;
			buildSettings = {
				CODE_SIGN_ENTITLEMENTS = watch.entitlements;
				CODE_SIGN_STYLE = Automatic;
				DEVELOPMENT_TEAM = 7AMWG3RLHN;
				INFOPLIST_FILE = Watch/InfoWatchExtension.plist;
				LD_RUNPATH_SEARCH_PATHS = (
					"$(inherited)",
					"@executable_path/Frameworks",
					"@executable_path/../../Frameworks",
				);
				PRODUCT_BUNDLE_IDENTIFIER = incognit.watch.extension;
				PRODUCT_NAME = "${TARGET_NAME}";
				SDKROOT = watchos;
				SKIP_INSTALL = YES;
				TARGETED_DEVICE_FAMILY = 4;
				WATCHOS_DEPLOYMENT_TARGET = 7.0;
			};
			name = Debug;
		};
		CED485FA2535DBE500CDDA68 /* Release */ = {
			isa = XCBuildConfiguration;
			buildSettings = {
				CODE_SIGN_ENTITLEMENTS = watch.entitlements;
				CODE_SIGN_STYLE = Automatic;
				DEVELOPMENT_TEAM = 7AMWG3RLHN;
				INFOPLIST_FILE = Watch/InfoWatchExtension.plist;
				LD_RUNPATH_SEARCH_PATHS = (
					"$(inherited)",
					"@executable_path/Frameworks",
					"@executable_path/../../Frameworks",
				);
				PRODUCT_BUNDLE_IDENTIFIER = incognit.watch.extension;
				PRODUCT_NAME = "${TARGET_NAME}";
				SDKROOT = watchos;
				SKIP_INSTALL = YES;
				TARGETED_DEVICE_FAMILY = 4;
				WATCHOS_DEPLOYMENT_TARGET = 7.0;
			};
			name = Release;
		};
		CEDC32422523870A003DF67A /* Debug */ = {
			isa = XCBuildConfiguration;
			buildSettings = {
				ASSETCATALOG_COMPILER_GLOBAL_ACCENT_COLOR_NAME = AccentColor;
				ASSETCATALOG_COMPILER_WIDGET_BACKGROUND_COLOR_NAME = WidgetBackground;
				CODE_SIGN_ENTITLEMENTS = browse.entitlements;
				CODE_SIGN_STYLE = Automatic;
				DEVELOPMENT_TEAM = 7AMWG3RLHN;
				INFOPLIST_FILE = Browse/Info.plist;
				LD_RUNPATH_SEARCH_PATHS = (
					"$(inherited)",
					"@executable_path/Frameworks",
					"@executable_path/../../Frameworks",
				);
				PRODUCT_BUNDLE_IDENTIFIER = incognit.browse;
				PRODUCT_NAME = "$(TARGET_NAME)";
				SKIP_INSTALL = YES;
				TARGETED_DEVICE_FAMILY = "1,2";
			};
			name = Debug;
		};
		CEDC32432523870A003DF67A /* Release */ = {
			isa = XCBuildConfiguration;
			buildSettings = {
				ASSETCATALOG_COMPILER_GLOBAL_ACCENT_COLOR_NAME = AccentColor;
				ASSETCATALOG_COMPILER_WIDGET_BACKGROUND_COLOR_NAME = WidgetBackground;
				CODE_SIGN_ENTITLEMENTS = browse.entitlements;
				CODE_SIGN_STYLE = Automatic;
				DEVELOPMENT_TEAM = 7AMWG3RLHN;
				INFOPLIST_FILE = Browse/Info.plist;
				LD_RUNPATH_SEARCH_PATHS = (
					"$(inherited)",
					"@executable_path/Frameworks",
					"@executable_path/../../Frameworks",
				);
				PRODUCT_BUNDLE_IDENTIFIER = incognit.browse;
				PRODUCT_NAME = "$(TARGET_NAME)";
				SKIP_INSTALL = YES;
				TARGETED_DEVICE_FAMILY = "1,2";
			};
			name = Release;
		};
		CEF33D0C251CB35F006065E5 /* Debug */ = {
			isa = XCBuildConfiguration;
			buildSettings = {
				ALWAYS_SEARCH_USER_PATHS = NO;
				CLANG_ANALYZER_NONNULL = YES;
				CLANG_ANALYZER_NUMBER_OBJECT_CONVERSION = YES_AGGRESSIVE;
				CLANG_CXX_LANGUAGE_STANDARD = "gnu++14";
				CLANG_CXX_LIBRARY = "libc++";
				CLANG_ENABLE_MODULES = YES;
				CLANG_ENABLE_OBJC_ARC = YES;
				CLANG_ENABLE_OBJC_WEAK = YES;
				CLANG_WARN_BLOCK_CAPTURE_AUTORELEASING = YES;
				CLANG_WARN_BOOL_CONVERSION = YES;
				CLANG_WARN_COMMA = YES;
				CLANG_WARN_CONSTANT_CONVERSION = YES;
				CLANG_WARN_DEPRECATED_OBJC_IMPLEMENTATIONS = YES;
				CLANG_WARN_DIRECT_OBJC_ISA_USAGE = YES_ERROR;
				CLANG_WARN_DOCUMENTATION_COMMENTS = YES;
				CLANG_WARN_EMPTY_BODY = YES;
				CLANG_WARN_ENUM_CONVERSION = YES;
				CLANG_WARN_INFINITE_RECURSION = YES;
				CLANG_WARN_INT_CONVERSION = YES;
				CLANG_WARN_NON_LITERAL_NULL_CONVERSION = YES;
				CLANG_WARN_OBJC_IMPLICIT_RETAIN_SELF = YES;
				CLANG_WARN_OBJC_LITERAL_CONVERSION = YES;
				CLANG_WARN_OBJC_ROOT_CLASS = YES_ERROR;
				CLANG_WARN_QUOTED_INCLUDE_IN_FRAMEWORK_HEADER = YES;
				CLANG_WARN_RANGE_LOOP_ANALYSIS = YES;
				CLANG_WARN_STRICT_PROTOTYPES = YES;
				CLANG_WARN_SUSPICIOUS_MOVE = YES;
				CLANG_WARN_UNGUARDED_AVAILABILITY = YES_AGGRESSIVE;
				CLANG_WARN_UNREACHABLE_CODE = YES;
				CLANG_WARN__DUPLICATE_METHOD_MATCH = YES;
				COPY_PHASE_STRIP = NO;
				CURRENT_PROJECT_VERSION = 29;
				DEBUG_INFORMATION_FORMAT = dwarf;
				ENABLE_STRICT_OBJC_MSGSEND = YES;
				ENABLE_TESTABILITY = YES;
				GCC_C_LANGUAGE_STANDARD = gnu11;
				GCC_DYNAMIC_NO_PIC = NO;
				GCC_NO_COMMON_BLOCKS = YES;
				GCC_OPTIMIZATION_LEVEL = 0;
				GCC_PREPROCESSOR_DEFINITIONS = (
					"DEBUG=1",
					"$(inherited)",
				);
				GCC_WARN_64_TO_32_BIT_CONVERSION = YES;
				GCC_WARN_ABOUT_RETURN_TYPE = YES_ERROR;
				GCC_WARN_UNDECLARED_SELECTOR = YES;
				GCC_WARN_UNINITIALIZED_AUTOS = YES_AGGRESSIVE;
				GCC_WARN_UNUSED_FUNCTION = YES;
				GCC_WARN_UNUSED_VARIABLE = YES;
				IPHONEOS_DEPLOYMENT_TARGET = 14.0;
				MARKETING_VERSION = 29;
				MTL_ENABLE_DEBUG_INFO = INCLUDE_SOURCE;
				MTL_FAST_MATH = YES;
				ONLY_ACTIVE_ARCH = YES;
				PRODUCT_NAME = incognit;
				SDKROOT = iphoneos;
				SWIFT_ACTIVE_COMPILATION_CONDITIONS = DEBUG;
				SWIFT_INSTALL_OBJC_HEADER = NO;
				SWIFT_OPTIMIZATION_LEVEL = "-Onone";
				SWIFT_VERSION = 5.0;
				TARGETED_DEVICE_FAMILY = "1,2";
			};
			name = Debug;
		};
		CEF33D0D251CB35F006065E5 /* Release */ = {
			isa = XCBuildConfiguration;
			buildSettings = {
				ALWAYS_SEARCH_USER_PATHS = NO;
				CLANG_ANALYZER_NONNULL = YES;
				CLANG_ANALYZER_NUMBER_OBJECT_CONVERSION = YES_AGGRESSIVE;
				CLANG_CXX_LANGUAGE_STANDARD = "gnu++14";
				CLANG_CXX_LIBRARY = "libc++";
				CLANG_ENABLE_MODULES = YES;
				CLANG_ENABLE_OBJC_ARC = YES;
				CLANG_ENABLE_OBJC_WEAK = YES;
				CLANG_WARN_BLOCK_CAPTURE_AUTORELEASING = YES;
				CLANG_WARN_BOOL_CONVERSION = YES;
				CLANG_WARN_COMMA = YES;
				CLANG_WARN_CONSTANT_CONVERSION = YES;
				CLANG_WARN_DEPRECATED_OBJC_IMPLEMENTATIONS = YES;
				CLANG_WARN_DIRECT_OBJC_ISA_USAGE = YES_ERROR;
				CLANG_WARN_DOCUMENTATION_COMMENTS = YES;
				CLANG_WARN_EMPTY_BODY = YES;
				CLANG_WARN_ENUM_CONVERSION = YES;
				CLANG_WARN_INFINITE_RECURSION = YES;
				CLANG_WARN_INT_CONVERSION = YES;
				CLANG_WARN_NON_LITERAL_NULL_CONVERSION = YES;
				CLANG_WARN_OBJC_IMPLICIT_RETAIN_SELF = YES;
				CLANG_WARN_OBJC_LITERAL_CONVERSION = YES;
				CLANG_WARN_OBJC_ROOT_CLASS = YES_ERROR;
				CLANG_WARN_QUOTED_INCLUDE_IN_FRAMEWORK_HEADER = YES;
				CLANG_WARN_RANGE_LOOP_ANALYSIS = YES;
				CLANG_WARN_STRICT_PROTOTYPES = YES;
				CLANG_WARN_SUSPICIOUS_MOVE = YES;
				CLANG_WARN_UNGUARDED_AVAILABILITY = YES_AGGRESSIVE;
				CLANG_WARN_UNREACHABLE_CODE = YES;
				CLANG_WARN__DUPLICATE_METHOD_MATCH = YES;
				COPY_PHASE_STRIP = NO;
				CURRENT_PROJECT_VERSION = 29;
				DEBUG_INFORMATION_FORMAT = "dwarf-with-dsym";
				ENABLE_NS_ASSERTIONS = NO;
				ENABLE_STRICT_OBJC_MSGSEND = YES;
				GCC_C_LANGUAGE_STANDARD = gnu11;
				GCC_NO_COMMON_BLOCKS = YES;
				GCC_OPTIMIZATION_LEVEL = 3;
				GCC_WARN_64_TO_32_BIT_CONVERSION = YES;
				GCC_WARN_ABOUT_RETURN_TYPE = YES_ERROR;
				GCC_WARN_UNDECLARED_SELECTOR = YES;
				GCC_WARN_UNINITIALIZED_AUTOS = YES_AGGRESSIVE;
				GCC_WARN_UNUSED_FUNCTION = YES;
				GCC_WARN_UNUSED_VARIABLE = YES;
				IPHONEOS_DEPLOYMENT_TARGET = 14.0;
				MARKETING_VERSION = 29;
				MTL_ENABLE_DEBUG_INFO = NO;
				MTL_FAST_MATH = YES;
				PRODUCT_NAME = incognit;
				SDKROOT = iphoneos;
				SWIFT_COMPILATION_MODE = wholemodule;
				SWIFT_INSTALL_OBJC_HEADER = NO;
				SWIFT_OPTIMIZATION_LEVEL = "-O";
				SWIFT_VERSION = 5.0;
				TARGETED_DEVICE_FAMILY = "1,2";
				VALIDATE_PRODUCT = YES;
			};
			name = Release;
		};
		CEF33D0F251CB35F006065E5 /* Debug */ = {
			isa = XCBuildConfiguration;
			buildSettings = {
				ALWAYS_EMBED_SWIFT_STANDARD_LIBRARIES = YES;
				ASSETCATALOG_COMPILER_APPICON_NAME = AppIcon;
				ASSETCATALOG_COMPILER_GLOBAL_ACCENT_COLOR_NAME = AccentColor;
				CLANG_ENABLE_MODULES = YES;
				CODE_SIGN_ENTITLEMENTS = incognit.entitlements;
				CODE_SIGN_IDENTITY = "iPhone Developer";
				CODE_SIGN_STYLE = Manual;
				DEVELOPMENT_TEAM = 7AMWG3RLHN;
				INFOPLIST_FILE = Info.plist;
				LD_RUNPATH_SEARCH_PATHS = (
					"$(inherited)",
					"@executable_path/Frameworks",
				);
				PRODUCT_BUNDLE_IDENTIFIER = incognit;
				PROVISIONING_PROFILE_SPECIFIER = "Incognit dev";
				SWIFT_OPTIMIZATION_LEVEL = "-Onone";
				SWIFT_VERSION = 5.0;
			};
			name = Debug;
		};
		CEF33D10251CB35F006065E5 /* Release */ = {
			isa = XCBuildConfiguration;
			buildSettings = {
				ALWAYS_EMBED_SWIFT_STANDARD_LIBRARIES = YES;
				ASSETCATALOG_COMPILER_APPICON_NAME = AppIcon;
				ASSETCATALOG_COMPILER_GLOBAL_ACCENT_COLOR_NAME = AccentColor;
				CLANG_ENABLE_MODULES = YES;
				CODE_SIGN_ENTITLEMENTS = incognit.entitlements;
				CODE_SIGN_IDENTITY = "iPhone Distribution";
				CODE_SIGN_STYLE = Manual;
				DEVELOPMENT_TEAM = 7AMWG3RLHN;
				INFOPLIST_FILE = Info.plist;
				LD_RUNPATH_SEARCH_PATHS = (
					"$(inherited)",
					"@executable_path/Frameworks",
				);
				PRODUCT_BUNDLE_IDENTIFIER = incognit;
				PROVISIONING_PROFILE_SPECIFIER = "Incognit store";
				SWIFT_VERSION = 5.0;
			};
			name = Release;
		};
/* End XCBuildConfiguration section */

/* Begin XCConfigurationList section */
		CED485FB2535DBE500CDDA68 /* Build configuration list for PBXNativeTarget "watch Extension" */ = {
			isa = XCConfigurationList;
			buildConfigurations = (
				CED485F92535DBE500CDDA68 /* Debug */,
				CED485FA2535DBE500CDDA68 /* Release */,
			);
			defaultConfigurationIsVisible = 0;
			defaultConfigurationName = Release;
		};
		CED485FC2535DBE500CDDA68 /* Build configuration list for PBXNativeTarget "watch" */ = {
			isa = XCConfigurationList;
			buildConfigurations = (
				CED485F62535DBE500CDDA68 /* Debug */,
				CED485F72535DBE500CDDA68 /* Release */,
			);
			defaultConfigurationIsVisible = 0;
			defaultConfigurationName = Release;
		};
		CEDC32442523870A003DF67A /* Build configuration list for PBXNativeTarget "browse" */ = {
			isa = XCConfigurationList;
			buildConfigurations = (
				CEDC32422523870A003DF67A /* Debug */,
				CEDC32432523870A003DF67A /* Release */,
			);
			defaultConfigurationIsVisible = 0;
			defaultConfigurationName = Release;
		};
		CEF33CFA251CB35F006065E5 /* Build configuration list for PBXProject "incognit" */ = {
			isa = XCConfigurationList;
			buildConfigurations = (
				CEF33D0C251CB35F006065E5 /* Debug */,
				CEF33D0D251CB35F006065E5 /* Release */,
			);
			defaultConfigurationIsVisible = 0;
			defaultConfigurationName = Release;
		};
		CEF33D0E251CB35F006065E5 /* Build configuration list for PBXNativeTarget "incognit" */ = {
			isa = XCConfigurationList;
			buildConfigurations = (
				CEF33D0F251CB35F006065E5 /* Debug */,
				CEF33D10251CB35F006065E5 /* Release */,
			);
			defaultConfigurationIsVisible = 0;
			defaultConfigurationName = Release;
		};
/* End XCConfigurationList section */

/* Begin XCRemoteSwiftPackageReference section */
		CEEA4FE72533539B00ABA2CB /* XCRemoteSwiftPackageReference "Tron" */ = {
			isa = XCRemoteSwiftPackageReference;
			repositoryURL = "https://github.com/tingocin/Tron.git";
			requirement = {
				branch = main;
				kind = branch;
			};
		};
/* End XCRemoteSwiftPackageReference section */

/* Begin XCSwiftPackageProductDependency section */
		CEEA4FE82533539B00ABA2CB /* Tron */ = {
			isa = XCSwiftPackageProductDependency;
			package = CEEA4FE72533539B00ABA2CB /* XCRemoteSwiftPackageReference "Tron" */;
			productName = Tron;
		};
/* End XCSwiftPackageProductDependency section */
	};
	rootObject = CEF33CF7251CB35F006065E5 /* Project object */;
}
