// !$*UTF8*$!
{
	archiveVersion = 1;
	classes = {
	};
	objectVersion = 50;
	objects = {

/* Begin PBXBuildFile section */
		CE201F1B251CBB3F003FF2DF /* Control.swift in Sources */ = {isa = PBXBuildFile; fileRef = CE201F1A251CBB3F003FF2DF /* Control.swift */; };
		CE201F1E251CBB52003FF2DF /* Control.Circle.swift in Sources */ = {isa = PBXBuildFile; fileRef = CE201F1D251CBB52003FF2DF /* Control.Circle.swift */; };
		CE201F22251CBEDD003FF2DF /* Book.Item.swift in Sources */ = {isa = PBXBuildFile; fileRef = CE201F21251CBEDD003FF2DF /* Book.Item.swift */; };
		CE201F25251CC069003FF2DF /* Page.swift in Sources */ = {isa = PBXBuildFile; fileRef = CE201F24251CC069003FF2DF /* Page.swift */; };
		CE201F2A251CC7F8003FF2DF /* Session.swift in Sources */ = {isa = PBXBuildFile; fileRef = CE201F29251CC7F8003FF2DF /* Session.swift */; };
		CE201F2E251CDB67003FF2DF /* UIApplication.swift in Sources */ = {isa = PBXBuildFile; fileRef = CE201F2D251CDB67003FF2DF /* UIApplication.swift */; };
		CE201F39251D0032003FF2DF /* Control.Icon.swift in Sources */ = {isa = PBXBuildFile; fileRef = CE201F38251D0032003FF2DF /* Control.Icon.swift */; };
		CE201F3D251D0289003FF2DF /* Forget.swift in Sources */ = {isa = PBXBuildFile; fileRef = CE201F3C251D0289003FF2DF /* Forget.swift */; };
		CE201F41251D04A9003FF2DF /* Settings.swift in Sources */ = {isa = PBXBuildFile; fileRef = CE201F40251D04A9003FF2DF /* Settings.swift */; };
		CE201F44251D0533003FF2DF /* Engine.swift in Sources */ = {isa = PBXBuildFile; fileRef = CE201F43251D0533003FF2DF /* Engine.swift */; };
		CE65070025209DA200AE7251 /* FileManager.swift in Sources */ = {isa = PBXBuildFile; fileRef = CE6506FF25209DA200AE7251 /* FileManager.swift */; };
		CE65070425209E5200AE7251 /* User.swift in Sources */ = {isa = PBXBuildFile; fileRef = CE65070325209E5200AE7251 /* User.swift */; };
		CEF33D03251CB35F006065E5 /* Incognit.swift in Sources */ = {isa = PBXBuildFile; fileRef = CEF33D02251CB35F006065E5 /* Incognit.swift */; };
		CEF33D07251CB35F006065E5 /* Assets.xcassets in Resources */ = {isa = PBXBuildFile; fileRef = CEF33D06251CB35F006065E5 /* Assets.xcassets */; };
		CEF33D19251CB6B8006065E5 /* Tab.swift in Sources */ = {isa = PBXBuildFile; fileRef = CEF33D18251CB6B8006065E5 /* Tab.swift */; };
		CEF33D1D251CB6D1006065E5 /* Tools.swift in Sources */ = {isa = PBXBuildFile; fileRef = CEF33D1C251CB6D1006065E5 /* Tools.swift */; };
		CEF33D20251CB6E1006065E5 /* Web.swift in Sources */ = {isa = PBXBuildFile; fileRef = CEF33D1F251CB6E1006065E5 /* Web.swift */; };
		CEF33D23251CB6F1006065E5 /* Web.Coordinator.swift in Sources */ = {isa = PBXBuildFile; fileRef = CEF33D22251CB6F1006065E5 /* Web.Coordinator.swift */; };
		CEF33D26251CB700006065E5 /* Bar.swift in Sources */ = {isa = PBXBuildFile; fileRef = CEF33D25251CB700006065E5 /* Bar.swift */; };
		CEF33D29251CB714006065E5 /* Options.swift in Sources */ = {isa = PBXBuildFile; fileRef = CEF33D28251CB714006065E5 /* Options.swift */; };
		CEF33D2C251CB722006065E5 /* Progress.swift in Sources */ = {isa = PBXBuildFile; fileRef = CEF33D2B251CB722006065E5 /* Progress.swift */; };
		CEF33D3C251CB926006065E5 /* Localizable.strings in Resources */ = {isa = PBXBuildFile; fileRef = CEF33D3A251CB926006065E5 /* Localizable.strings */; };
		CEF33D3F251CBA87006065E5 /* Book.swift in Sources */ = {isa = PBXBuildFile; fileRef = CEF33D3E251CBA87006065E5 /* Book.swift */; };
		CEF3EE922521C7110031B0A4 /* Spring.swift in Sources */ = {isa = PBXBuildFile; fileRef = CEF3EE912521C7110031B0A4 /* Spring.swift */; };
		CEF3EE962521CCE10031B0A4 /* Move.swift in Sources */ = {isa = PBXBuildFile; fileRef = CEF3EE952521CCE10031B0A4 /* Move.swift */; };
/* End PBXBuildFile section */

/* Begin PBXFileReference section */
		CE201F1A251CBB3F003FF2DF /* Control.swift */ = {isa = PBXFileReference; lastKnownFileType = sourcecode.swift; path = Control.swift; sourceTree = "<group>"; };
		CE201F1D251CBB52003FF2DF /* Control.Circle.swift */ = {isa = PBXFileReference; lastKnownFileType = sourcecode.swift; path = Control.Circle.swift; sourceTree = "<group>"; };
		CE201F21251CBEDD003FF2DF /* Book.Item.swift */ = {isa = PBXFileReference; lastKnownFileType = sourcecode.swift; path = Book.Item.swift; sourceTree = "<group>"; };
		CE201F24251CC069003FF2DF /* Page.swift */ = {isa = PBXFileReference; lastKnownFileType = sourcecode.swift; path = Page.swift; sourceTree = "<group>"; };
		CE201F29251CC7F8003FF2DF /* Session.swift */ = {isa = PBXFileReference; lastKnownFileType = sourcecode.swift; path = Session.swift; sourceTree = "<group>"; };
		CE201F2D251CDB67003FF2DF /* UIApplication.swift */ = {isa = PBXFileReference; lastKnownFileType = sourcecode.swift; path = UIApplication.swift; sourceTree = "<group>"; };
		CE201F38251D0032003FF2DF /* Control.Icon.swift */ = {isa = PBXFileReference; lastKnownFileType = sourcecode.swift; path = Control.Icon.swift; sourceTree = "<group>"; };
		CE201F3C251D0289003FF2DF /* Forget.swift */ = {isa = PBXFileReference; lastKnownFileType = sourcecode.swift; path = Forget.swift; sourceTree = "<group>"; };
		CE201F40251D04A9003FF2DF /* Settings.swift */ = {isa = PBXFileReference; lastKnownFileType = sourcecode.swift; path = Settings.swift; sourceTree = "<group>"; };
		CE201F43251D0533003FF2DF /* Engine.swift */ = {isa = PBXFileReference; lastKnownFileType = sourcecode.swift; path = Engine.swift; sourceTree = "<group>"; };
		CE6506FF25209DA200AE7251 /* FileManager.swift */ = {isa = PBXFileReference; lastKnownFileType = sourcecode.swift; path = FileManager.swift; sourceTree = "<group>"; };
		CE65070325209E5200AE7251 /* User.swift */ = {isa = PBXFileReference; lastKnownFileType = sourcecode.swift; path = User.swift; sourceTree = "<group>"; };
		CEF33CFF251CB35F006065E5 /* incognit.app */ = {isa = PBXFileReference; explicitFileType = wrapper.application; includeInIndex = 0; path = incognit.app; sourceTree = BUILT_PRODUCTS_DIR; };
		CEF33D02251CB35F006065E5 /* Incognit.swift */ = {isa = PBXFileReference; lastKnownFileType = sourcecode.swift; path = Incognit.swift; sourceTree = "<group>"; };
		CEF33D06251CB35F006065E5 /* Assets.xcassets */ = {isa = PBXFileReference; lastKnownFileType = folder.assetcatalog; path = Assets.xcassets; sourceTree = "<group>"; };
		CEF33D0B251CB35F006065E5 /* Info.plist */ = {isa = PBXFileReference; lastKnownFileType = text.plist.xml; path = Info.plist; sourceTree = "<group>"; };
		CEF33D18251CB6B8006065E5 /* Tab.swift */ = {isa = PBXFileReference; lastKnownFileType = sourcecode.swift; path = Tab.swift; sourceTree = "<group>"; };
		CEF33D1C251CB6D1006065E5 /* Tools.swift */ = {isa = PBXFileReference; lastKnownFileType = sourcecode.swift; path = Tools.swift; sourceTree = "<group>"; };
		CEF33D1F251CB6E1006065E5 /* Web.swift */ = {isa = PBXFileReference; lastKnownFileType = sourcecode.swift; path = Web.swift; sourceTree = "<group>"; };
		CEF33D22251CB6F1006065E5 /* Web.Coordinator.swift */ = {isa = PBXFileReference; lastKnownFileType = sourcecode.swift; path = Web.Coordinator.swift; sourceTree = "<group>"; };
		CEF33D25251CB700006065E5 /* Bar.swift */ = {isa = PBXFileReference; lastKnownFileType = sourcecode.swift; path = Bar.swift; sourceTree = "<group>"; };
		CEF33D28251CB714006065E5 /* Options.swift */ = {isa = PBXFileReference; lastKnownFileType = sourcecode.swift; path = Options.swift; sourceTree = "<group>"; };
		CEF33D2B251CB722006065E5 /* Progress.swift */ = {isa = PBXFileReference; lastKnownFileType = sourcecode.swift; path = Progress.swift; sourceTree = "<group>"; };
		CEF33D3B251CB926006065E5 /* Base */ = {isa = PBXFileReference; lastKnownFileType = text.plist.strings; name = Base; path = Base.lproj/Localizable.strings; sourceTree = "<group>"; };
		CEF33D3E251CBA87006065E5 /* Book.swift */ = {isa = PBXFileReference; lastKnownFileType = sourcecode.swift; path = Book.swift; sourceTree = "<group>"; };
		CEF3EE912521C7110031B0A4 /* Spring.swift */ = {isa = PBXFileReference; lastKnownFileType = sourcecode.swift; path = Spring.swift; sourceTree = "<group>"; };
		CEF3EE952521CCE10031B0A4 /* Move.swift */ = {isa = PBXFileReference; lastKnownFileType = sourcecode.swift; path = Move.swift; sourceTree = "<group>"; };
/* End PBXFileReference section */

/* Begin PBXFrameworksBuildPhase section */
		CEF33CFC251CB35F006065E5 /* Frameworks */ = {
			isa = PBXFrameworksBuildPhase;
			buildActionMask = 2147483647;
			files = (
			);
			runOnlyForDeploymentPostprocessing = 0;
		};
/* End PBXFrameworksBuildPhase section */

/* Begin PBXGroup section */
		CEF33CF6251CB35F006065E5 = {
			isa = PBXGroup;
			children = (
				CEF33D01251CB35F006065E5 /* incognit */,
				CEF33D00251CB35F006065E5 /* Products */,
			);
			sourceTree = "<group>";
		};
		CEF33D00251CB35F006065E5 /* Products */ = {
			isa = PBXGroup;
			children = (
				CEF33CFF251CB35F006065E5 /* incognit.app */,
			);
			name = Products;
			sourceTree = "<group>";
		};
		CEF33D01251CB35F006065E5 /* incognit */ = {
			isa = PBXGroup;
			children = (
				CEF33D0B251CB35F006065E5 /* Info.plist */,
				CEF33D25251CB700006065E5 /* Bar.swift */,
				CE201F21251CBEDD003FF2DF /* Book.Item.swift */,
				CEF33D3E251CBA87006065E5 /* Book.swift */,
				CE201F1D251CBB52003FF2DF /* Control.Circle.swift */,
				CE201F38251D0032003FF2DF /* Control.Icon.swift */,
				CE201F1A251CBB3F003FF2DF /* Control.swift */,
				CE201F43251D0533003FF2DF /* Engine.swift */,
				CE6506FF25209DA200AE7251 /* FileManager.swift */,
				CE201F3C251D0289003FF2DF /* Forget.swift */,
				CEF33D02251CB35F006065E5 /* Incognit.swift */,
				CEF3EE952521CCE10031B0A4 /* Move.swift */,
				CEF33D28251CB714006065E5 /* Options.swift */,
				CE201F24251CC069003FF2DF /* Page.swift */,
				CEF33D2B251CB722006065E5 /* Progress.swift */,
				CE201F29251CC7F8003FF2DF /* Session.swift */,
				CE201F40251D04A9003FF2DF /* Settings.swift */,
				CEF3EE912521C7110031B0A4 /* Spring.swift */,
				CEF33D18251CB6B8006065E5 /* Tab.swift */,
				CEF33D1C251CB6D1006065E5 /* Tools.swift */,
				CE201F2D251CDB67003FF2DF /* UIApplication.swift */,
				CE65070325209E5200AE7251 /* User.swift */,
				CEF33D22251CB6F1006065E5 /* Web.Coordinator.swift */,
				CEF33D1F251CB6E1006065E5 /* Web.swift */,
				CEF33D06251CB35F006065E5 /* Assets.xcassets */,
				CEF33D3A251CB926006065E5 /* Localizable.strings */,
			);
			path = incognit;
			sourceTree = "<group>";
		};
/* End PBXGroup section */

/* Begin PBXNativeTarget section */
		CEF33CFE251CB35F006065E5 /* incognit */ = {
			isa = PBXNativeTarget;
			buildConfigurationList = CEF33D0E251CB35F006065E5 /* Build configuration list for PBXNativeTarget "incognit" */;
			buildPhases = (
				CEF33CFB251CB35F006065E5 /* Sources */,
				CEF33CFC251CB35F006065E5 /* Frameworks */,
				CEF33CFD251CB35F006065E5 /* Resources */,
			);
			buildRules = (
			);
			dependencies = (
			);
			name = incognit;
			packageProductDependencies = (
			);
			productName = incognit;
			productReference = CEF33CFF251CB35F006065E5 /* incognit.app */;
			productType = "com.apple.product-type.application";
		};
/* End PBXNativeTarget section */

/* Begin PBXProject section */
		CEF33CF7251CB35F006065E5 /* Project object */ = {
			isa = PBXProject;
			attributes = {
				LastSwiftUpdateCheck = 1200;
				LastUpgradeCheck = 1200;
				TargetAttributes = {
					CEF33CFE251CB35F006065E5 = {
						CreatedOnToolsVersion = 12.0;
					};
				};
			};
			buildConfigurationList = CEF33CFA251CB35F006065E5 /* Build configuration list for PBXProject "incognit" */;
			compatibilityVersion = "Xcode 9.3";
			developmentRegion = en;
			hasScannedForEncodings = 0;
			knownRegions = (
				en,
				Base,
			);
			mainGroup = CEF33CF6251CB35F006065E5;
			packageReferences = (
			);
			productRefGroup = CEF33D00251CB35F006065E5 /* Products */;
			projectDirPath = "";
			projectRoot = "";
			targets = (
				CEF33CFE251CB35F006065E5 /* incognit */,
			);
		};
/* End PBXProject section */

/* Begin PBXResourcesBuildPhase section */
		CEF33CFD251CB35F006065E5 /* Resources */ = {
			isa = PBXResourcesBuildPhase;
			buildActionMask = 2147483647;
			files = (
				CEF33D07251CB35F006065E5 /* Assets.xcassets in Resources */,
				CEF33D3C251CB926006065E5 /* Localizable.strings in Resources */,
			);
			runOnlyForDeploymentPostprocessing = 0;
		};
/* End PBXResourcesBuildPhase section */

/* Begin PBXSourcesBuildPhase section */
		CEF33CFB251CB35F006065E5 /* Sources */ = {
			isa = PBXSourcesBuildPhase;
			buildActionMask = 2147483647;
			files = (
				CE201F2E251CDB67003FF2DF /* UIApplication.swift in Sources */,
				CEF33D1D251CB6D1006065E5 /* Tools.swift in Sources */,
				CEF33D26251CB700006065E5 /* Bar.swift in Sources */,
				CE201F3D251D0289003FF2DF /* Forget.swift in Sources */,
				CEF33D3F251CBA87006065E5 /* Book.swift in Sources */,
				CE201F22251CBEDD003FF2DF /* Book.Item.swift in Sources */,
				CE201F2A251CC7F8003FF2DF /* Session.swift in Sources */,
				CEF33D23251CB6F1006065E5 /* Web.Coordinator.swift in Sources */,
				CE201F39251D0032003FF2DF /* Control.Icon.swift in Sources */,
				CE201F44251D0533003FF2DF /* Engine.swift in Sources */,
				CE65070425209E5200AE7251 /* User.swift in Sources */,
				CE201F1B251CBB3F003FF2DF /* Control.swift in Sources */,
				CEF33D19251CB6B8006065E5 /* Tab.swift in Sources */,
				CEF33D20251CB6E1006065E5 /* Web.swift in Sources */,
				CEF33D03251CB35F006065E5 /* Incognit.swift in Sources */,
				CEF33D2C251CB722006065E5 /* Progress.swift in Sources */,
				CEF33D29251CB714006065E5 /* Options.swift in Sources */,
				CE65070025209DA200AE7251 /* FileManager.swift in Sources */,
				CEF3EE922521C7110031B0A4 /* Spring.swift in Sources */,
				CE201F1E251CBB52003FF2DF /* Control.Circle.swift in Sources */,
				CE201F25251CC069003FF2DF /* Page.swift in Sources */,
				CE201F41251D04A9003FF2DF /* Settings.swift in Sources */,
				CEF3EE962521CCE10031B0A4 /* Move.swift in Sources */,
			);
			runOnlyForDeploymentPostprocessing = 0;
		};
/* End PBXSourcesBuildPhase section */

/* Begin PBXVariantGroup section */
		CEF33D3A251CB926006065E5 /* Localizable.strings */ = {
			isa = PBXVariantGroup;
			children = (
				CEF33D3B251CB926006065E5 /* Base */,
			);
			name = Localizable.strings;
			sourceTree = "<group>";
		};
/* End PBXVariantGroup section */

/* Begin XCBuildConfiguration section */
		CEF33D0C251CB35F006065E5 /* Debug */ = {
			isa = XCBuildConfiguration;
			buildSettings = {
				ALWAYS_SEARCH_USER_PATHS = NO;
				CLANG_ANALYZER_NONNULL = YES;
				CLANG_ANALYZER_NUMBER_OBJECT_CONVERSION = YES_AGGRESSIVE;
				CLANG_CXX_LANGUAGE_STANDARD = "gnu++14";
				CLANG_CXX_LIBRARY = "libc++";
				CLANG_ENABLE_MODULES = YES;
				CLANG_ENABLE_OBJC_ARC = YES;
				CLANG_ENABLE_OBJC_WEAK = YES;
				CLANG_WARN_BLOCK_CAPTURE_AUTORELEASING = YES;
				CLANG_WARN_BOOL_CONVERSION = YES;
				CLANG_WARN_COMMA = YES;
				CLANG_WARN_CONSTANT_CONVERSION = YES;
				CLANG_WARN_DEPRECATED_OBJC_IMPLEMENTATIONS = YES;
				CLANG_WARN_DIRECT_OBJC_ISA_USAGE = YES_ERROR;
				CLANG_WARN_DOCUMENTATION_COMMENTS = YES;
				CLANG_WARN_EMPTY_BODY = YES;
				CLANG_WARN_ENUM_CONVERSION = YES;
				CLANG_WARN_INFINITE_RECURSION = YES;
				CLANG_WARN_INT_CONVERSION = YES;
				CLANG_WARN_NON_LITERAL_NULL_CONVERSION = YES;
				CLANG_WARN_OBJC_IMPLICIT_RETAIN_SELF = YES;
				CLANG_WARN_OBJC_LITERAL_CONVERSION = YES;
				CLANG_WARN_OBJC_ROOT_CLASS = YES_ERROR;
				CLANG_WARN_QUOTED_INCLUDE_IN_FRAMEWORK_HEADER = YES;
				CLANG_WARN_RANGE_LOOP_ANALYSIS = YES;
				CLANG_WARN_STRICT_PROTOTYPES = YES;
				CLANG_WARN_SUSPICIOUS_MOVE = YES;
				CLANG_WARN_UNGUARDED_AVAILABILITY = YES_AGGRESSIVE;
				CLANG_WARN_UNREACHABLE_CODE = YES;
				CLANG_WARN__DUPLICATE_METHOD_MATCH = YES;
				COPY_PHASE_STRIP = NO;
				DEBUG_INFORMATION_FORMAT = dwarf;
				ENABLE_STRICT_OBJC_MSGSEND = YES;
				ENABLE_TESTABILITY = YES;
				GCC_C_LANGUAGE_STANDARD = gnu11;
				GCC_DYNAMIC_NO_PIC = NO;
				GCC_NO_COMMON_BLOCKS = YES;
				GCC_OPTIMIZATION_LEVEL = 0;
				GCC_PREPROCESSOR_DEFINITIONS = (
					"DEBUG=1",
					"$(inherited)",
				);
				GCC_WARN_64_TO_32_BIT_CONVERSION = YES;
				GCC_WARN_ABOUT_RETURN_TYPE = YES_ERROR;
				GCC_WARN_UNDECLARED_SELECTOR = YES;
				GCC_WARN_UNINITIALIZED_AUTOS = YES_AGGRESSIVE;
				GCC_WARN_UNUSED_FUNCTION = YES;
				GCC_WARN_UNUSED_VARIABLE = YES;
				IPHONEOS_DEPLOYMENT_TARGET = 14.0;
				MTL_ENABLE_DEBUG_INFO = INCLUDE_SOURCE;
				MTL_FAST_MATH = YES;
				ONLY_ACTIVE_ARCH = YES;
				PRODUCT_NAME = incognit;
				SDKROOT = iphoneos;
				SWIFT_ACTIVE_COMPILATION_CONDITIONS = DEBUG;
				SWIFT_INSTALL_OBJC_HEADER = NO;
				SWIFT_OPTIMIZATION_LEVEL = "-Onone";
				SWIFT_VERSION = 5.0;
				TARGETED_DEVICE_FAMILY = "1,2";
			};
			name = Debug;
		};
		CEF33D0D251CB35F006065E5 /* Release */ = {
			isa = XCBuildConfiguration;
			buildSettings = {
				ALWAYS_SEARCH_USER_PATHS = NO;
				CLANG_ANALYZER_NONNULL = YES;
				CLANG_ANALYZER_NUMBER_OBJECT_CONVERSION = YES_AGGRESSIVE;
				CLANG_CXX_LANGUAGE_STANDARD = "gnu++14";
				CLANG_CXX_LIBRARY = "libc++";
				CLANG_ENABLE_MODULES = YES;
				CLANG_ENABLE_OBJC_ARC = YES;
				CLANG_ENABLE_OBJC_WEAK = YES;
				CLANG_WARN_BLOCK_CAPTURE_AUTORELEASING = YES;
				CLANG_WARN_BOOL_CONVERSION = YES;
				CLANG_WARN_COMMA = YES;
				CLANG_WARN_CONSTANT_CONVERSION = YES;
				CLANG_WARN_DEPRECATED_OBJC_IMPLEMENTATIONS = YES;
				CLANG_WARN_DIRECT_OBJC_ISA_USAGE = YES_ERROR;
				CLANG_WARN_DOCUMENTATION_COMMENTS = YES;
				CLANG_WARN_EMPTY_BODY = YES;
				CLANG_WARN_ENUM_CONVERSION = YES;
				CLANG_WARN_INFINITE_RECURSION = YES;
				CLANG_WARN_INT_CONVERSION = YES;
				CLANG_WARN_NON_LITERAL_NULL_CONVERSION = YES;
				CLANG_WARN_OBJC_IMPLICIT_RETAIN_SELF = YES;
				CLANG_WARN_OBJC_LITERAL_CONVERSION = YES;
				CLANG_WARN_OBJC_ROOT_CLASS = YES_ERROR;
				CLANG_WARN_QUOTED_INCLUDE_IN_FRAMEWORK_HEADER = YES;
				CLANG_WARN_RANGE_LOOP_ANALYSIS = YES;
				CLANG_WARN_STRICT_PROTOTYPES = YES;
				CLANG_WARN_SUSPICIOUS_MOVE = YES;
				CLANG_WARN_UNGUARDED_AVAILABILITY = YES_AGGRESSIVE;
				CLANG_WARN_UNREACHABLE_CODE = YES;
				CLANG_WARN__DUPLICATE_METHOD_MATCH = YES;
				COPY_PHASE_STRIP = NO;
				DEBUG_INFORMATION_FORMAT = "dwarf-with-dsym";
				ENABLE_NS_ASSERTIONS = NO;
				ENABLE_STRICT_OBJC_MSGSEND = YES;
				GCC_C_LANGUAGE_STANDARD = gnu11;
				GCC_NO_COMMON_BLOCKS = YES;
				GCC_OPTIMIZATION_LEVEL = 3;
				GCC_WARN_64_TO_32_BIT_CONVERSION = YES;
				GCC_WARN_ABOUT_RETURN_TYPE = YES_ERROR;
				GCC_WARN_UNDECLARED_SELECTOR = YES;
				GCC_WARN_UNINITIALIZED_AUTOS = YES_AGGRESSIVE;
				GCC_WARN_UNUSED_FUNCTION = YES;
				GCC_WARN_UNUSED_VARIABLE = YES;
				IPHONEOS_DEPLOYMENT_TARGET = 14.0;
				MTL_ENABLE_DEBUG_INFO = NO;
				MTL_FAST_MATH = YES;
				PRODUCT_NAME = incognit;
				SDKROOT = iphoneos;
				SWIFT_COMPILATION_MODE = wholemodule;
				SWIFT_INSTALL_OBJC_HEADER = NO;
				SWIFT_OPTIMIZATION_LEVEL = "-O";
				SWIFT_VERSION = 5.0;
				TARGETED_DEVICE_FAMILY = "1,2";
				VALIDATE_PRODUCT = YES;
			};
			name = Release;
		};
		CEF33D0F251CB35F006065E5 /* Debug */ = {
			isa = XCBuildConfiguration;
			buildSettings = {
				ASSETCATALOG_COMPILER_APPICON_NAME = AppIcon;
				ASSETCATALOG_COMPILER_GLOBAL_ACCENT_COLOR_NAME = AccentColor;
				CODE_SIGN_STYLE = Automatic;
				CURRENT_PROJECT_VERSION = 3;
				DEVELOPMENT_TEAM = 7AMWG3RLHN;
				INFOPLIST_FILE = incognit/Info.plist;
				LD_RUNPATH_SEARCH_PATHS = (
					"$(inherited)",
					"@executable_path/Frameworks",
				);
				MARKETING_VERSION = 3;
				PRODUCT_BUNDLE_IDENTIFIER = incognit;
				SWIFT_VERSION = 5.0;
			};
			name = Debug;
		};
		CEF33D10251CB35F006065E5 /* Release */ = {
			isa = XCBuildConfiguration;
			buildSettings = {
				ASSETCATALOG_COMPILER_APPICON_NAME = AppIcon;
				ASSETCATALOG_COMPILER_GLOBAL_ACCENT_COLOR_NAME = AccentColor;
				CODE_SIGN_STYLE = Automatic;
				CURRENT_PROJECT_VERSION = 3;
				DEVELOPMENT_TEAM = 7AMWG3RLHN;
				INFOPLIST_FILE = incognit/Info.plist;
				LD_RUNPATH_SEARCH_PATHS = (
					"$(inherited)",
					"@executable_path/Frameworks",
				);
				MARKETING_VERSION = 3;
				PRODUCT_BUNDLE_IDENTIFIER = incognit;
				SWIFT_VERSION = 5.0;
			};
			name = Release;
		};
/* End XCBuildConfiguration section */

/* Begin XCConfigurationList section */
		CEF33CFA251CB35F006065E5 /* Build configuration list for PBXProject "incognit" */ = {
			isa = XCConfigurationList;
			buildConfigurations = (
				CEF33D0C251CB35F006065E5 /* Debug */,
				CEF33D0D251CB35F006065E5 /* Release */,
			);
			defaultConfigurationIsVisible = 0;
			defaultConfigurationName = Release;
		};
		CEF33D0E251CB35F006065E5 /* Build configuration list for PBXNativeTarget "incognit" */ = {
			isa = XCConfigurationList;
			buildConfigurations = (
				CEF33D0F251CB35F006065E5 /* Debug */,
				CEF33D10251CB35F006065E5 /* Release */,
			);
			defaultConfigurationIsVisible = 0;
			defaultConfigurationName = Release;
		};
/* End XCConfigurationList section */
	};
	rootObject = CEF33CF7251CB35F006065E5 /* Project object */;
}
