// !$*UTF8*$!
{
	archiveVersion = 1;
	classes = {
	};
	objectVersion = 50;
	objects = {

/* Begin PBXBuildFile section */
		CE0A1F032524979E00983D41 /* Media.xcassets in Resources */ = {isa = PBXBuildFile; fileRef = CE0A1F022524979E00983D41 /* Media.xcassets */; };
		CE0A1F0E252499F400983D41 /* History.swift in Sources */ = {isa = PBXBuildFile; fileRef = CE0A1F0C252499F400983D41 /* History.swift */; };
		CE0A1F1425249A6300983D41 /* History.Item.swift in Sources */ = {isa = PBXBuildFile; fileRef = CE0A1F1325249A6300983D41 /* History.Item.swift */; };
		CE0A1F1525249A6300983D41 /* History.Item.swift in Sources */ = {isa = PBXBuildFile; fileRef = CE0A1F1325249A6300983D41 /* History.Item.swift */; };
		CE0A1F1825249AD300983D41 /* History.swift in Sources */ = {isa = PBXBuildFile; fileRef = CE0A1F0C252499F400983D41 /* History.swift */; };
		CE2194792526236B00CED077 /* Field.swift in Sources */ = {isa = PBXBuildFile; fileRef = CE2194782526236B00CED077 /* Field.swift */; };
		CE21947D252624F600CED077 /* Field.Coordinator.swift in Sources */ = {isa = PBXBuildFile; fileRef = CE21947C252624F600CED077 /* Field.Coordinator.swift */; };
		CEA2F68A252344DE00DDE7B4 /* Session.swift in Sources */ = {isa = PBXBuildFile; fileRef = CEA2F670252344DE00DDE7B4 /* Session.swift */; };
		CEA2F68B252344DE00DDE7B4 /* Control.swift in Sources */ = {isa = PBXBuildFile; fileRef = CEA2F671252344DE00DDE7B4 /* Control.swift */; };
		CEA2F68C252344DE00DDE7B4 /* Assets.xcassets in Resources */ = {isa = PBXBuildFile; fileRef = CEA2F672252344DE00DDE7B4 /* Assets.xcassets */; };
		CEA2F68D252344DE00DDE7B4 /* Web.Coordinator.swift in Sources */ = {isa = PBXBuildFile; fileRef = CEA2F673252344DE00DDE7B4 /* Web.Coordinator.swift */; };
		CEA2F68E252344DE00DDE7B4 /* FileManager.swift in Sources */ = {isa = PBXBuildFile; fileRef = CEA2F674252344DE00DDE7B4 /* FileManager.swift */; };
		CEA2F68F252344DE00DDE7B4 /* Forget.swift in Sources */ = {isa = PBXBuildFile; fileRef = CEA2F675252344DE00DDE7B4 /* Forget.swift */; };
		CEA2F690252344DE00DDE7B4 /* User.swift in Sources */ = {isa = PBXBuildFile; fileRef = CEA2F676252344DE00DDE7B4 /* User.swift */; };
		CEA2F691252344DE00DDE7B4 /* Engine.swift in Sources */ = {isa = PBXBuildFile; fileRef = CEA2F677252344DE00DDE7B4 /* Engine.swift */; };
		CEA2F692252344DE00DDE7B4 /* Web.swift in Sources */ = {isa = PBXBuildFile; fileRef = CEA2F678252344DE00DDE7B4 /* Web.swift */; };
		CEA2F693252344DE00DDE7B4 /* Page.swift in Sources */ = {isa = PBXBuildFile; fileRef = CEA2F679252344DE00DDE7B4 /* Page.swift */; };
		CEA2F694252344DE00DDE7B4 /* Incognit.swift in Sources */ = {isa = PBXBuildFile; fileRef = CEA2F67A252344DE00DDE7B4 /* Incognit.swift */; };
		CEA2F695252344DE00DDE7B4 /* Tools.swift in Sources */ = {isa = PBXBuildFile; fileRef = CEA2F67B252344DE00DDE7B4 /* Tools.swift */; };
		CEA2F696252344DE00DDE7B4 /* UIApplication.swift in Sources */ = {isa = PBXBuildFile; fileRef = CEA2F67C252344DE00DDE7B4 /* UIApplication.swift */; };
		CEA2F697252344DE00DDE7B4 /* Book.Item.swift in Sources */ = {isa = PBXBuildFile; fileRef = CEA2F67D252344DE00DDE7B4 /* Book.Item.swift */; };
		CEA2F698252344DE00DDE7B4 /* Detail.swift in Sources */ = {isa = PBXBuildFile; fileRef = CEA2F67E252344DE00DDE7B4 /* Detail.swift */; };
		CEA2F69A252344DE00DDE7B4 /* Tab.swift in Sources */ = {isa = PBXBuildFile; fileRef = CEA2F682252344DE00DDE7B4 /* Tab.swift */; };
		CEA2F69C252344DE00DDE7B4 /* Book.swift in Sources */ = {isa = PBXBuildFile; fileRef = CEA2F684252344DE00DDE7B4 /* Book.swift */; };
		CEA2F69D252344DE00DDE7B4 /* Settings.swift in Sources */ = {isa = PBXBuildFile; fileRef = CEA2F685252344DE00DDE7B4 /* Settings.swift */; };
		CEA2F69E252344DE00DDE7B4 /* Progress.swift in Sources */ = {isa = PBXBuildFile; fileRef = CEA2F686252344DE00DDE7B4 /* Progress.swift */; };
		CEA2F69F252344DE00DDE7B4 /* Control.Circle.swift in Sources */ = {isa = PBXBuildFile; fileRef = CEA2F687252344DE00DDE7B4 /* Control.Circle.swift */; };
		CEA2F6A0252344DE00DDE7B4 /* Control.Icon.swift in Sources */ = {isa = PBXBuildFile; fileRef = CEA2F688252344DE00DDE7B4 /* Control.Icon.swift */; };
		CEA2F6A1252344DE00DDE7B4 /* Bar.swift in Sources */ = {isa = PBXBuildFile; fileRef = CEA2F689252344DE00DDE7B4 /* Bar.swift */; };
		CEA2F6A7252344F100DDE7B4 /* Localizable.strings in Resources */ = {isa = PBXBuildFile; fileRef = CEA2F6A5252344F100DDE7B4 /* Localizable.strings */; };
		CEDC32352523870A003DF67A /* WidgetKit.framework in Frameworks */ = {isa = PBXBuildFile; fileRef = CEDC32342523870A003DF67A /* WidgetKit.framework */; };
		CEDC32372523870A003DF67A /* SwiftUI.framework in Frameworks */ = {isa = PBXBuildFile; fileRef = CEDC32362523870A003DF67A /* SwiftUI.framework */; };
		CEDC323A2523870A003DF67A /* Browse.swift in Sources */ = {isa = PBXBuildFile; fileRef = CEDC32392523870A003DF67A /* Browse.swift */; };
		CEDC32402523870A003DF67A /* BrowseExtension.appex in Embed App Extensions */ = {isa = PBXBuildFile; fileRef = CEDC32322523870A003DF67A /* BrowseExtension.appex */; settings = {ATTRIBUTES = (RemoveHeadersOnCopy, ); }; };
/* End PBXBuildFile section */

/* Begin PBXContainerItemProxy section */
		CEDC323E2523870A003DF67A /* PBXContainerItemProxy */ = {
			isa = PBXContainerItemProxy;
			containerPortal = CEF33CF7251CB35F006065E5 /* Project object */;
			proxyType = 1;
			remoteGlobalIDString = CEDC32312523870A003DF67A;
			remoteInfo = BrowseExtension;
		};
/* End PBXContainerItemProxy section */

/* Begin PBXCopyFilesBuildPhase section */
		CEDC32412523870A003DF67A /* Embed App Extensions */ = {
			isa = PBXCopyFilesBuildPhase;
			buildActionMask = 2147483647;
			dstPath = "";
			dstSubfolderSpec = 13;
			files = (
				CEDC32402523870A003DF67A /* BrowseExtension.appex in Embed App Extensions */,
			);
			name = "Embed App Extensions";
			runOnlyForDeploymentPostprocessing = 0;
		};
/* End PBXCopyFilesBuildPhase section */

/* Begin PBXFileReference section */
		CE0A1F022524979E00983D41 /* Media.xcassets */ = {isa = PBXFileReference; lastKnownFileType = folder.assetcatalog; path = Media.xcassets; sourceTree = "<group>"; };
		CE0A1F062524996600983D41 /* incognit.entitlements */ = {isa = PBXFileReference; lastKnownFileType = text.plist.entitlements; path = incognit.entitlements; sourceTree = "<group>"; };
		CE0A1F092524999100983D41 /* BrowseExtension.entitlements */ = {isa = PBXFileReference; lastKnownFileType = text.plist.entitlements; path = BrowseExtension.entitlements; sourceTree = "<group>"; };
		CE0A1F0C252499F400983D41 /* History.swift */ = {isa = PBXFileReference; lastKnownFileType = sourcecode.swift; path = History.swift; sourceTree = "<group>"; };
		CE0A1F1325249A6300983D41 /* History.Item.swift */ = {isa = PBXFileReference; lastKnownFileType = sourcecode.swift; path = History.Item.swift; sourceTree = "<group>"; };
		CE2194782526236B00CED077 /* Field.swift */ = {isa = PBXFileReference; lastKnownFileType = sourcecode.swift; path = Field.swift; sourceTree = "<group>"; };
		CE21947C252624F600CED077 /* Field.Coordinator.swift */ = {isa = PBXFileReference; lastKnownFileType = sourcecode.swift; path = Field.Coordinator.swift; sourceTree = "<group>"; };
		CEA2F670252344DE00DDE7B4 /* Session.swift */ = {isa = PBXFileReference; fileEncoding = 4; lastKnownFileType = sourcecode.swift; path = Session.swift; sourceTree = "<group>"; };
		CEA2F671252344DE00DDE7B4 /* Control.swift */ = {isa = PBXFileReference; fileEncoding = 4; lastKnownFileType = sourcecode.swift; path = Control.swift; sourceTree = "<group>"; };
		CEA2F672252344DE00DDE7B4 /* Assets.xcassets */ = {isa = PBXFileReference; lastKnownFileType = folder.assetcatalog; path = Assets.xcassets; sourceTree = "<group>"; };
		CEA2F673252344DE00DDE7B4 /* Web.Coordinator.swift */ = {isa = PBXFileReference; fileEncoding = 4; lastKnownFileType = sourcecode.swift; path = Web.Coordinator.swift; sourceTree = "<group>"; };
		CEA2F674252344DE00DDE7B4 /* FileManager.swift */ = {isa = PBXFileReference; fileEncoding = 4; lastKnownFileType = sourcecode.swift; path = FileManager.swift; sourceTree = "<group>"; };
		CEA2F675252344DE00DDE7B4 /* Forget.swift */ = {isa = PBXFileReference; fileEncoding = 4; lastKnownFileType = sourcecode.swift; path = Forget.swift; sourceTree = "<group>"; };
		CEA2F676252344DE00DDE7B4 /* User.swift */ = {isa = PBXFileReference; fileEncoding = 4; lastKnownFileType = sourcecode.swift; path = User.swift; sourceTree = "<group>"; };
		CEA2F677252344DE00DDE7B4 /* Engine.swift */ = {isa = PBXFileReference; fileEncoding = 4; lastKnownFileType = sourcecode.swift; path = Engine.swift; sourceTree = "<group>"; };
		CEA2F678252344DE00DDE7B4 /* Web.swift */ = {isa = PBXFileReference; fileEncoding = 4; lastKnownFileType = sourcecode.swift; path = Web.swift; sourceTree = "<group>"; };
		CEA2F679252344DE00DDE7B4 /* Page.swift */ = {isa = PBXFileReference; fileEncoding = 4; lastKnownFileType = sourcecode.swift; path = Page.swift; sourceTree = "<group>"; };
		CEA2F67A252344DE00DDE7B4 /* Incognit.swift */ = {isa = PBXFileReference; fileEncoding = 4; lastKnownFileType = sourcecode.swift; path = Incognit.swift; sourceTree = "<group>"; };
		CEA2F67B252344DE00DDE7B4 /* Tools.swift */ = {isa = PBXFileReference; fileEncoding = 4; lastKnownFileType = sourcecode.swift; path = Tools.swift; sourceTree = "<group>"; };
		CEA2F67C252344DE00DDE7B4 /* UIApplication.swift */ = {isa = PBXFileReference; fileEncoding = 4; lastKnownFileType = sourcecode.swift; path = UIApplication.swift; sourceTree = "<group>"; };
		CEA2F67D252344DE00DDE7B4 /* Book.Item.swift */ = {isa = PBXFileReference; fileEncoding = 4; lastKnownFileType = sourcecode.swift; path = Book.Item.swift; sourceTree = "<group>"; };
		CEA2F67E252344DE00DDE7B4 /* Detail.swift */ = {isa = PBXFileReference; fileEncoding = 4; lastKnownFileType = sourcecode.swift; path = Detail.swift; sourceTree = "<group>"; };
		CEA2F682252344DE00DDE7B4 /* Tab.swift */ = {isa = PBXFileReference; fileEncoding = 4; lastKnownFileType = sourcecode.swift; path = Tab.swift; sourceTree = "<group>"; };
		CEA2F683252344DE00DDE7B4 /* Info.plist */ = {isa = PBXFileReference; fileEncoding = 4; lastKnownFileType = text.plist.xml; path = Info.plist; sourceTree = "<group>"; };
		CEA2F684252344DE00DDE7B4 /* Book.swift */ = {isa = PBXFileReference; fileEncoding = 4; lastKnownFileType = sourcecode.swift; path = Book.swift; sourceTree = "<group>"; };
		CEA2F685252344DE00DDE7B4 /* Settings.swift */ = {isa = PBXFileReference; fileEncoding = 4; lastKnownFileType = sourcecode.swift; path = Settings.swift; sourceTree = "<group>"; };
		CEA2F686252344DE00DDE7B4 /* Progress.swift */ = {isa = PBXFileReference; fileEncoding = 4; lastKnownFileType = sourcecode.swift; path = Progress.swift; sourceTree = "<group>"; };
		CEA2F687252344DE00DDE7B4 /* Control.Circle.swift */ = {isa = PBXFileReference; fileEncoding = 4; lastKnownFileType = sourcecode.swift; path = Control.Circle.swift; sourceTree = "<group>"; };
		CEA2F688252344DE00DDE7B4 /* Control.Icon.swift */ = {isa = PBXFileReference; fileEncoding = 4; lastKnownFileType = sourcecode.swift; path = Control.Icon.swift; sourceTree = "<group>"; };
		CEA2F689252344DE00DDE7B4 /* Bar.swift */ = {isa = PBXFileReference; fileEncoding = 4; lastKnownFileType = sourcecode.swift; path = Bar.swift; sourceTree = "<group>"; };
		CEA2F6A6252344F100DDE7B4 /* Base */ = {isa = PBXFileReference; lastKnownFileType = text.plist.strings; name = Base; path = Base.lproj/Localizable.strings; sourceTree = "<group>"; };
		CEDC32322523870A003DF67A /* BrowseExtension.appex */ = {isa = PBXFileReference; explicitFileType = "wrapper.app-extension"; includeInIndex = 0; path = BrowseExtension.appex; sourceTree = BUILT_PRODUCTS_DIR; };
		CEDC32342523870A003DF67A /* WidgetKit.framework */ = {isa = PBXFileReference; lastKnownFileType = wrapper.framework; name = WidgetKit.framework; path = System/Library/Frameworks/WidgetKit.framework; sourceTree = SDKROOT; };
		CEDC32362523870A003DF67A /* SwiftUI.framework */ = {isa = PBXFileReference; lastKnownFileType = wrapper.framework; name = SwiftUI.framework; path = System/Library/Frameworks/SwiftUI.framework; sourceTree = SDKROOT; };
		CEDC32392523870A003DF67A /* Browse.swift */ = {isa = PBXFileReference; lastKnownFileType = sourcecode.swift; path = Browse.swift; sourceTree = "<group>"; };
		CEDC323D2523870A003DF67A /* Info.plist */ = {isa = PBXFileReference; lastKnownFileType = text.plist.xml; path = Info.plist; sourceTree = "<group>"; };
		CEF33CFF251CB35F006065E5 /* incognit.app */ = {isa = PBXFileReference; explicitFileType = wrapper.application; includeInIndex = 0; path = incognit.app; sourceTree = BUILT_PRODUCTS_DIR; };
/* End PBXFileReference section */

/* Begin PBXFrameworksBuildPhase section */
		CEDC322F2523870A003DF67A /* Frameworks */ = {
			isa = PBXFrameworksBuildPhase;
			buildActionMask = 2147483647;
			files = (
				CEDC32372523870A003DF67A /* SwiftUI.framework in Frameworks */,
				CEDC32352523870A003DF67A /* WidgetKit.framework in Frameworks */,
			);
			runOnlyForDeploymentPostprocessing = 0;
		};
		CEF33CFC251CB35F006065E5 /* Frameworks */ = {
			isa = PBXFrameworksBuildPhase;
			buildActionMask = 2147483647;
			files = (
			);
			runOnlyForDeploymentPostprocessing = 0;
		};
/* End PBXFrameworksBuildPhase section */

/* Begin PBXGroup section */
		CEDC32332523870A003DF67A /* Frameworks */ = {
			isa = PBXGroup;
			children = (
				CEDC32342523870A003DF67A /* WidgetKit.framework */,
				CEDC32362523870A003DF67A /* SwiftUI.framework */,
			);
			name = Frameworks;
			sourceTree = "<group>";
		};
		CEDC32382523870A003DF67A /* Browse */ = {
			isa = PBXGroup;
			children = (
				CEDC323D2523870A003DF67A /* Info.plist */,
				CEDC32392523870A003DF67A /* Browse.swift */,
				CE0A1F1325249A6300983D41 /* History.Item.swift */,
				CE0A1F0C252499F400983D41 /* History.swift */,
				CE0A1F022524979E00983D41 /* Media.xcassets */,
			);
			path = Browse;
			sourceTree = "<group>";
		};
		CEF33CF6251CB35F006065E5 = {
			isa = PBXGroup;
			children = (
				CE0A1F092524999100983D41 /* BrowseExtension.entitlements */,
				CE0A1F062524996600983D41 /* incognit.entitlements */,
				CEA2F683252344DE00DDE7B4 /* Info.plist */,
				CEA2F689252344DE00DDE7B4 /* Bar.swift */,
				CEA2F67D252344DE00DDE7B4 /* Book.Item.swift */,
				CEA2F684252344DE00DDE7B4 /* Book.swift */,
				CEA2F687252344DE00DDE7B4 /* Control.Circle.swift */,
				CEA2F688252344DE00DDE7B4 /* Control.Icon.swift */,
				CEA2F671252344DE00DDE7B4 /* Control.swift */,
				CEA2F67E252344DE00DDE7B4 /* Detail.swift */,
				CEA2F677252344DE00DDE7B4 /* Engine.swift */,
				CE21947C252624F600CED077 /* Field.Coordinator.swift */,
				CE2194782526236B00CED077 /* Field.swift */,
				CEA2F674252344DE00DDE7B4 /* FileManager.swift */,
				CEA2F675252344DE00DDE7B4 /* Forget.swift */,
				CEA2F67A252344DE00DDE7B4 /* Incognit.swift */,
				CEA2F679252344DE00DDE7B4 /* Page.swift */,
				CEA2F686252344DE00DDE7B4 /* Progress.swift */,
				CEA2F670252344DE00DDE7B4 /* Session.swift */,
				CEA2F685252344DE00DDE7B4 /* Settings.swift */,
				CEA2F682252344DE00DDE7B4 /* Tab.swift */,
				CEA2F67B252344DE00DDE7B4 /* Tools.swift */,
				CEA2F67C252344DE00DDE7B4 /* UIApplication.swift */,
				CEA2F676252344DE00DDE7B4 /* User.swift */,
				CEA2F673252344DE00DDE7B4 /* Web.Coordinator.swift */,
				CEA2F678252344DE00DDE7B4 /* Web.swift */,
				CEA2F672252344DE00DDE7B4 /* Assets.xcassets */,
				CEDC32382523870A003DF67A /* Browse */,
				CEDC32332523870A003DF67A /* Frameworks */,
				CEA2F6A5252344F100DDE7B4 /* Localizable.strings */,
				CEF33D00251CB35F006065E5 /* Products */,
			);
			sourceTree = "<group>";
		};
		CEF33D00251CB35F006065E5 /* Products */ = {
			isa = PBXGroup;
			children = (
				CEF33CFF251CB35F006065E5 /* incognit.app */,
				CEDC32322523870A003DF67A /* BrowseExtension.appex */,
			);
			name = Products;
			sourceTree = "<group>";
		};
/* End PBXGroup section */

/* Begin PBXNativeTarget section */
		CEDC32312523870A003DF67A /* BrowseExtension */ = {
			isa = PBXNativeTarget;
			buildConfigurationList = CEDC32442523870A003DF67A /* Build configuration list for PBXNativeTarget "BrowseExtension" */;
			buildPhases = (
				CEDC322E2523870A003DF67A /* Sources */,
				CEDC322F2523870A003DF67A /* Frameworks */,
				CEDC32302523870A003DF67A /* Resources */,
			);
			buildRules = (
			);
			dependencies = (
			);
			name = BrowseExtension;
			productName = BrowseExtension;
			productReference = CEDC32322523870A003DF67A /* BrowseExtension.appex */;
			productType = "com.apple.product-type.app-extension";
		};
		CEF33CFE251CB35F006065E5 /* incognit */ = {
			isa = PBXNativeTarget;
			buildConfigurationList = CEF33D0E251CB35F006065E5 /* Build configuration list for PBXNativeTarget "incognit" */;
			buildPhases = (
				CEF33CFB251CB35F006065E5 /* Sources */,
				CEF33CFC251CB35F006065E5 /* Frameworks */,
				CEF33CFD251CB35F006065E5 /* Resources */,
				CEDC32412523870A003DF67A /* Embed App Extensions */,
			);
			buildRules = (
			);
			dependencies = (
				CEDC323F2523870A003DF67A /* PBXTargetDependency */,
			);
			name = incognit;
			packageProductDependencies = (
			);
			productName = incognit;
			productReference = CEF33CFF251CB35F006065E5 /* incognit.app */;
			productType = "com.apple.product-type.application";
		};
/* End PBXNativeTarget section */

/* Begin PBXProject section */
		CEF33CF7251CB35F006065E5 /* Project object */ = {
			isa = PBXProject;
			attributes = {
				LastSwiftUpdateCheck = 1200;
				LastUpgradeCheck = 1200;
				TargetAttributes = {
					CEDC32312523870A003DF67A = {
						CreatedOnToolsVersion = 12.0.1;
					};
					CEF33CFE251CB35F006065E5 = {
						CreatedOnToolsVersion = 12.0;
						LastSwiftMigration = 1200;
					};
				};
			};
			buildConfigurationList = CEF33CFA251CB35F006065E5 /* Build configuration list for PBXProject "incognit" */;
			compatibilityVersion = "Xcode 9.3";
			developmentRegion = en;
			hasScannedForEncodings = 0;
			knownRegions = (
				en,
				Base,
			);
			mainGroup = CEF33CF6251CB35F006065E5;
			packageReferences = (
			);
			productRefGroup = CEF33D00251CB35F006065E5 /* Products */;
			projectDirPath = "";
			projectRoot = "";
			targets = (
				CEF33CFE251CB35F006065E5 /* incognit */,
				CEDC32312523870A003DF67A /* BrowseExtension */,
			);
		};
/* End PBXProject section */

/* Begin PBXResourcesBuildPhase section */
		CEDC32302523870A003DF67A /* Resources */ = {
			isa = PBXResourcesBuildPhase;
			buildActionMask = 2147483647;
			files = (
				CE0A1F032524979E00983D41 /* Media.xcassets in Resources */,
			);
			runOnlyForDeploymentPostprocessing = 0;
		};
		CEF33CFD251CB35F006065E5 /* Resources */ = {
			isa = PBXResourcesBuildPhase;
			buildActionMask = 2147483647;
			files = (
				CEA2F68C252344DE00DDE7B4 /* Assets.xcassets in Resources */,
				CEA2F6A7252344F100DDE7B4 /* Localizable.strings in Resources */,
			);
			runOnlyForDeploymentPostprocessing = 0;
		};
/* End PBXResourcesBuildPhase section */

/* Begin PBXSourcesBuildPhase section */
		CEDC322E2523870A003DF67A /* Sources */ = {
			isa = PBXSourcesBuildPhase;
			buildActionMask = 2147483647;
			files = (
				CE0A1F0E252499F400983D41 /* History.swift in Sources */,
				CE0A1F1525249A6300983D41 /* History.Item.swift in Sources */,
				CEDC323A2523870A003DF67A /* Browse.swift in Sources */,
			);
			runOnlyForDeploymentPostprocessing = 0;
		};
		CEF33CFB251CB35F006065E5 /* Sources */ = {
			isa = PBXSourcesBuildPhase;
			buildActionMask = 2147483647;
			files = (
				CEA2F69E252344DE00DDE7B4 /* Progress.swift in Sources */,
				CEA2F6A1252344DE00DDE7B4 /* Bar.swift in Sources */,
				CE2194792526236B00CED077 /* Field.swift in Sources */,
				CE0A1F1425249A6300983D41 /* History.Item.swift in Sources */,
				CEA2F69C252344DE00DDE7B4 /* Book.swift in Sources */,
				CEA2F696252344DE00DDE7B4 /* UIApplication.swift in Sources */,
				CEA2F68D252344DE00DDE7B4 /* Web.Coordinator.swift in Sources */,
				CEA2F69D252344DE00DDE7B4 /* Settings.swift in Sources */,
				CEA2F68A252344DE00DDE7B4 /* Session.swift in Sources */,
				CEA2F692252344DE00DDE7B4 /* Web.swift in Sources */,
				CEA2F690252344DE00DDE7B4 /* User.swift in Sources */,
				CEA2F694252344DE00DDE7B4 /* Incognit.swift in Sources */,
				CEA2F68F252344DE00DDE7B4 /* Forget.swift in Sources */,
				CEA2F693252344DE00DDE7B4 /* Page.swift in Sources */,
				CE0A1F1825249AD300983D41 /* History.swift in Sources */,
				CE21947D252624F600CED077 /* Field.Coordinator.swift in Sources */,
				CEA2F698252344DE00DDE7B4 /* Detail.swift in Sources */,
				CEA2F695252344DE00DDE7B4 /* Tools.swift in Sources */,
				CEA2F68B252344DE00DDE7B4 /* Control.swift in Sources */,
				CEA2F697252344DE00DDE7B4 /* Book.Item.swift in Sources */,
				CEA2F69A252344DE00DDE7B4 /* Tab.swift in Sources */,
				CEA2F69F252344DE00DDE7B4 /* Control.Circle.swift in Sources */,
				CEA2F6A0252344DE00DDE7B4 /* Control.Icon.swift in Sources */,
				CEA2F68E252344DE00DDE7B4 /* FileManager.swift in Sources */,
				CEA2F691252344DE00DDE7B4 /* Engine.swift in Sources */,
			);
			runOnlyForDeploymentPostprocessing = 0;
		};
/* End PBXSourcesBuildPhase section */

/* Begin PBXTargetDependency section */
		CEDC323F2523870A003DF67A /* PBXTargetDependency */ = {
			isa = PBXTargetDependency;
			target = CEDC32312523870A003DF67A /* BrowseExtension */;
			targetProxy = CEDC323E2523870A003DF67A /* PBXContainerItemProxy */;
		};
/* End PBXTargetDependency section */

/* Begin PBXVariantGroup section */
		CEA2F6A5252344F100DDE7B4 /* Localizable.strings */ = {
			isa = PBXVariantGroup;
			children = (
				CEA2F6A6252344F100DDE7B4 /* Base */,
			);
			name = Localizable.strings;
			sourceTree = "<group>";
		};
/* End PBXVariantGroup section */

/* Begin XCBuildConfiguration section */
		CEDC32422523870A003DF67A /* Debug */ = {
			isa = XCBuildConfiguration;
			buildSettings = {
				ASSETCATALOG_COMPILER_GLOBAL_ACCENT_COLOR_NAME = AccentColor;
				ASSETCATALOG_COMPILER_WIDGET_BACKGROUND_COLOR_NAME = WidgetBackground;
				CODE_SIGN_ENTITLEMENTS = BrowseExtension.entitlements;
				CODE_SIGN_STYLE = Automatic;
				CURRENT_PROJECT_VERSION = 6;
				DEVELOPMENT_TEAM = 7AMWG3RLHN;
				INFOPLIST_FILE = Browse/Info.plist;
				LD_RUNPATH_SEARCH_PATHS = (
					"$(inherited)",
					"@executable_path/Frameworks",
					"@executable_path/../../Frameworks",
				);
				MARKETING_VERSION = 6;
				PRODUCT_BUNDLE_IDENTIFIER = incognit.Browse;
				PRODUCT_NAME = "$(TARGET_NAME)";
				SKIP_INSTALL = YES;
				TARGETED_DEVICE_FAMILY = "1,2";
			};
			name = Debug;
		};
		CEDC32432523870A003DF67A /* Release */ = {
			isa = XCBuildConfiguration;
			buildSettings = {
				ASSETCATALOG_COMPILER_GLOBAL_ACCENT_COLOR_NAME = AccentColor;
				ASSETCATALOG_COMPILER_WIDGET_BACKGROUND_COLOR_NAME = WidgetBackground;
				CODE_SIGN_ENTITLEMENTS = BrowseExtension.entitlements;
				CODE_SIGN_STYLE = Automatic;
				CURRENT_PROJECT_VERSION = 6;
				DEVELOPMENT_TEAM = 7AMWG3RLHN;
				INFOPLIST_FILE = Browse/Info.plist;
				LD_RUNPATH_SEARCH_PATHS = (
					"$(inherited)",
					"@executable_path/Frameworks",
					"@executable_path/../../Frameworks",
				);
				MARKETING_VERSION = 6;
				PRODUCT_BUNDLE_IDENTIFIER = incognit.Browse;
				PRODUCT_NAME = "$(TARGET_NAME)";
				SKIP_INSTALL = YES;
				TARGETED_DEVICE_FAMILY = "1,2";
			};
			name = Release;
		};
		CEF33D0C251CB35F006065E5 /* Debug */ = {
			isa = XCBuildConfiguration;
			buildSettings = {
				ALWAYS_SEARCH_USER_PATHS = NO;
				CLANG_ANALYZER_NONNULL = YES;
				CLANG_ANALYZER_NUMBER_OBJECT_CONVERSION = YES_AGGRESSIVE;
				CLANG_CXX_LANGUAGE_STANDARD = "gnu++14";
				CLANG_CXX_LIBRARY = "libc++";
				CLANG_ENABLE_MODULES = YES;
				CLANG_ENABLE_OBJC_ARC = YES;
				CLANG_ENABLE_OBJC_WEAK = YES;
				CLANG_WARN_BLOCK_CAPTURE_AUTORELEASING = YES;
				CLANG_WARN_BOOL_CONVERSION = YES;
				CLANG_WARN_COMMA = YES;
				CLANG_WARN_CONSTANT_CONVERSION = YES;
				CLANG_WARN_DEPRECATED_OBJC_IMPLEMENTATIONS = YES;
				CLANG_WARN_DIRECT_OBJC_ISA_USAGE = YES_ERROR;
				CLANG_WARN_DOCUMENTATION_COMMENTS = YES;
				CLANG_WARN_EMPTY_BODY = YES;
				CLANG_WARN_ENUM_CONVERSION = YES;
				CLANG_WARN_INFINITE_RECURSION = YES;
				CLANG_WARN_INT_CONVERSION = YES;
				CLANG_WARN_NON_LITERAL_NULL_CONVERSION = YES;
				CLANG_WARN_OBJC_IMPLICIT_RETAIN_SELF = YES;
				CLANG_WARN_OBJC_LITERAL_CONVERSION = YES;
				CLANG_WARN_OBJC_ROOT_CLASS = YES_ERROR;
				CLANG_WARN_QUOTED_INCLUDE_IN_FRAMEWORK_HEADER = YES;
				CLANG_WARN_RANGE_LOOP_ANALYSIS = YES;
				CLANG_WARN_STRICT_PROTOTYPES = YES;
				CLANG_WARN_SUSPICIOUS_MOVE = YES;
				CLANG_WARN_UNGUARDED_AVAILABILITY = YES_AGGRESSIVE;
				CLANG_WARN_UNREACHABLE_CODE = YES;
				CLANG_WARN__DUPLICATE_METHOD_MATCH = YES;
				COPY_PHASE_STRIP = NO;
				DEBUG_INFORMATION_FORMAT = dwarf;
				ENABLE_STRICT_OBJC_MSGSEND = YES;
				ENABLE_TESTABILITY = YES;
				GCC_C_LANGUAGE_STANDARD = gnu11;
				GCC_DYNAMIC_NO_PIC = NO;
				GCC_NO_COMMON_BLOCKS = YES;
				GCC_OPTIMIZATION_LEVEL = 0;
				GCC_PREPROCESSOR_DEFINITIONS = (
					"DEBUG=1",
					"$(inherited)",
				);
				GCC_WARN_64_TO_32_BIT_CONVERSION = YES;
				GCC_WARN_ABOUT_RETURN_TYPE = YES_ERROR;
				GCC_WARN_UNDECLARED_SELECTOR = YES;
				GCC_WARN_UNINITIALIZED_AUTOS = YES_AGGRESSIVE;
				GCC_WARN_UNUSED_FUNCTION = YES;
				GCC_WARN_UNUSED_VARIABLE = YES;
				IPHONEOS_DEPLOYMENT_TARGET = 14.0;
				MTL_ENABLE_DEBUG_INFO = INCLUDE_SOURCE;
				MTL_FAST_MATH = YES;
				ONLY_ACTIVE_ARCH = YES;
				PRODUCT_NAME = incognit;
				SDKROOT = iphoneos;
				SWIFT_ACTIVE_COMPILATION_CONDITIONS = DEBUG;
				SWIFT_INSTALL_OBJC_HEADER = NO;
				SWIFT_OPTIMIZATION_LEVEL = "-Onone";
				SWIFT_VERSION = 5.0;
				TARGETED_DEVICE_FAMILY = "1,2";
			};
			name = Debug;
		};
		CEF33D0D251CB35F006065E5 /* Release */ = {
			isa = XCBuildConfiguration;
			buildSettings = {
				ALWAYS_SEARCH_USER_PATHS = NO;
				CLANG_ANALYZER_NONNULL = YES;
				CLANG_ANALYZER_NUMBER_OBJECT_CONVERSION = YES_AGGRESSIVE;
				CLANG_CXX_LANGUAGE_STANDARD = "gnu++14";
				CLANG_CXX_LIBRARY = "libc++";
				CLANG_ENABLE_MODULES = YES;
				CLANG_ENABLE_OBJC_ARC = YES;
				CLANG_ENABLE_OBJC_WEAK = YES;
				CLANG_WARN_BLOCK_CAPTURE_AUTORELEASING = YES;
				CLANG_WARN_BOOL_CONVERSION = YES;
				CLANG_WARN_COMMA = YES;
				CLANG_WARN_CONSTANT_CONVERSION = YES;
				CLANG_WARN_DEPRECATED_OBJC_IMPLEMENTATIONS = YES;
				CLANG_WARN_DIRECT_OBJC_ISA_USAGE = YES_ERROR;
				CLANG_WARN_DOCUMENTATION_COMMENTS = YES;
				CLANG_WARN_EMPTY_BODY = YES;
				CLANG_WARN_ENUM_CONVERSION = YES;
				CLANG_WARN_INFINITE_RECURSION = YES;
				CLANG_WARN_INT_CONVERSION = YES;
				CLANG_WARN_NON_LITERAL_NULL_CONVERSION = YES;
				CLANG_WARN_OBJC_IMPLICIT_RETAIN_SELF = YES;
				CLANG_WARN_OBJC_LITERAL_CONVERSION = YES;
				CLANG_WARN_OBJC_ROOT_CLASS = YES_ERROR;
				CLANG_WARN_QUOTED_INCLUDE_IN_FRAMEWORK_HEADER = YES;
				CLANG_WARN_RANGE_LOOP_ANALYSIS = YES;
				CLANG_WARN_STRICT_PROTOTYPES = YES;
				CLANG_WARN_SUSPICIOUS_MOVE = YES;
				CLANG_WARN_UNGUARDED_AVAILABILITY = YES_AGGRESSIVE;
				CLANG_WARN_UNREACHABLE_CODE = YES;
				CLANG_WARN__DUPLICATE_METHOD_MATCH = YES;
				COPY_PHASE_STRIP = NO;
				DEBUG_INFORMATION_FORMAT = "dwarf-with-dsym";
				ENABLE_NS_ASSERTIONS = NO;
				ENABLE_STRICT_OBJC_MSGSEND = YES;
				GCC_C_LANGUAGE_STANDARD = gnu11;
				GCC_NO_COMMON_BLOCKS = YES;
				GCC_OPTIMIZATION_LEVEL = 3;
				GCC_WARN_64_TO_32_BIT_CONVERSION = YES;
				GCC_WARN_ABOUT_RETURN_TYPE = YES_ERROR;
				GCC_WARN_UNDECLARED_SELECTOR = YES;
				GCC_WARN_UNINITIALIZED_AUTOS = YES_AGGRESSIVE;
				GCC_WARN_UNUSED_FUNCTION = YES;
				GCC_WARN_UNUSED_VARIABLE = YES;
				IPHONEOS_DEPLOYMENT_TARGET = 14.0;
				MTL_ENABLE_DEBUG_INFO = NO;
				MTL_FAST_MATH = YES;
				PRODUCT_NAME = incognit;
				SDKROOT = iphoneos;
				SWIFT_COMPILATION_MODE = wholemodule;
				SWIFT_INSTALL_OBJC_HEADER = NO;
				SWIFT_OPTIMIZATION_LEVEL = "-O";
				SWIFT_VERSION = 5.0;
				TARGETED_DEVICE_FAMILY = "1,2";
				VALIDATE_PRODUCT = YES;
			};
			name = Release;
		};
		CEF33D0F251CB35F006065E5 /* Debug */ = {
			isa = XCBuildConfiguration;
			buildSettings = {
				ALWAYS_EMBED_SWIFT_STANDARD_LIBRARIES = YES;
				ASSETCATALOG_COMPILER_APPICON_NAME = AppIcon;
				ASSETCATALOG_COMPILER_GLOBAL_ACCENT_COLOR_NAME = AccentColor;
				CLANG_ENABLE_MODULES = YES;
				CODE_SIGN_ENTITLEMENTS = incognit.entitlements;
				CODE_SIGN_STYLE = Automatic;
				CURRENT_PROJECT_VERSION = 7;
				DEVELOPMENT_TEAM = 7AMWG3RLHN;
				INFOPLIST_FILE = Info.plist;
				LD_RUNPATH_SEARCH_PATHS = (
					"$(inherited)",
					"@executable_path/Frameworks",
				);
				MARKETING_VERSION = 7;
				PRODUCT_BUNDLE_IDENTIFIER = incognit;
				SWIFT_OPTIMIZATION_LEVEL = "-Onone";
				SWIFT_VERSION = 5.0;
			};
			name = Debug;
		};
		CEF33D10251CB35F006065E5 /* Release */ = {
			isa = XCBuildConfiguration;
			buildSettings = {
				ALWAYS_EMBED_SWIFT_STANDARD_LIBRARIES = YES;
				ASSETCATALOG_COMPILER_APPICON_NAME = AppIcon;
				ASSETCATALOG_COMPILER_GLOBAL_ACCENT_COLOR_NAME = AccentColor;
				CLANG_ENABLE_MODULES = YES;
				CODE_SIGN_ENTITLEMENTS = incognit.entitlements;
				CODE_SIGN_STYLE = Automatic;
				CURRENT_PROJECT_VERSION = 7;
				DEVELOPMENT_TEAM = 7AMWG3RLHN;
				INFOPLIST_FILE = Info.plist;
				LD_RUNPATH_SEARCH_PATHS = (
					"$(inherited)",
					"@executable_path/Frameworks",
				);
				MARKETING_VERSION = 7;
				PRODUCT_BUNDLE_IDENTIFIER = incognit;
				SWIFT_VERSION = 5.0;
			};
			name = Release;
		};
/* End XCBuildConfiguration section */

/* Begin XCConfigurationList section */
		CEDC32442523870A003DF67A /* Build configuration list for PBXNativeTarget "BrowseExtension" */ = {
			isa = XCConfigurationList;
			buildConfigurations = (
				CEDC32422523870A003DF67A /* Debug */,
				CEDC32432523870A003DF67A /* Release */,
			);
			defaultConfigurationIsVisible = 0;
			defaultConfigurationName = Release;
		};
		CEF33CFA251CB35F006065E5 /* Build configuration list for PBXProject "incognit" */ = {
			isa = XCConfigurationList;
			buildConfigurations = (
				CEF33D0C251CB35F006065E5 /* Debug */,
				CEF33D0D251CB35F006065E5 /* Release */,
			);
			defaultConfigurationIsVisible = 0;
			defaultConfigurationName = Release;
		};
		CEF33D0E251CB35F006065E5 /* Build configuration list for PBXNativeTarget "incognit" */ = {
			isa = XCConfigurationList;
			buildConfigurations = (
				CEF33D0F251CB35F006065E5 /* Debug */,
				CEF33D10251CB35F006065E5 /* Release */,
			);
			defaultConfigurationIsVisible = 0;
			defaultConfigurationName = Release;
		};
/* End XCConfigurationList section */
	};
	rootObject = CEF33CF7251CB35F006065E5 /* Project object */;
}
